// !$*UTF8*$!
{
	archiveVersion = 1;
	classes = {
	};
	objectVersion = 56;
	objects = {

/* Begin PBXBuildFile section */
		DC944DB32A0B810800F38BEC /* SwiftUIMapKitApp.swift in Sources */ = {isa = PBXBuildFile; fileRef = DC944DB22A0B810800F38BEC /* SwiftUIMapKitApp.swift */; };
		DC944DB52A0B810800F38BEC /* ContentView.swift in Sources */ = {isa = PBXBuildFile; fileRef = DC944DB42A0B810800F38BEC /* ContentView.swift */; };
		DC944DB72A0B810900F38BEC /* Assets.xcassets in Resources */ = {isa = PBXBuildFile; fileRef = DC944DB62A0B810900F38BEC /* Assets.xcassets */; };
		DC944DBA2A0B810900F38BEC /* Preview Assets.xcassets in Resources */ = {isa = PBXBuildFile; fileRef = DC944DB92A0B810900F38BEC /* Preview Assets.xcassets */; };
		DC944DC42A0B810900F38BEC /* SwiftUIMapKitTests.swift in Sources */ = {isa = PBXBuildFile; fileRef = DC944DC32A0B810900F38BEC /* SwiftUIMapKitTests.swift */; };
		DC944DCE2A0B810900F38BEC /* SwiftUIMapKitUITests.swift in Sources */ = {isa = PBXBuildFile; fileRef = DC944DCD2A0B810900F38BEC /* SwiftUIMapKitUITests.swift */; };
		DC944DD02A0B810900F38BEC /* SwiftUIMapKitUITestsLaunchTests.swift in Sources */ = {isa = PBXBuildFile; fileRef = DC944DCF2A0B810900F38BEC /* SwiftUIMapKitUITestsLaunchTests.swift */; };
		DC944DDD2A0B85C300F38BEC /* LocationManager.swift in Sources */ = {isa = PBXBuildFile; fileRef = DC944DDC2A0B85C300F38BEC /* LocationManager.swift */; };
		DC944DDF2A0B8F6C00F38BEC /* CityModel.swift in Sources */ = {isa = PBXBuildFile; fileRef = DC944DDE2A0B8F6C00F38BEC /* CityModel.swift */; };
		DC944DE12A0B905700F38BEC /* CustomMapPin.swift in Sources */ = {isa = PBXBuildFile; fileRef = DC944DE02A0B905700F38BEC /* CustomMapPin.swift */; };
		DC944DE32A0B959400F38BEC /* DetailsView.swift in Sources */ = {isa = PBXBuildFile; fileRef = DC944DE22A0B959400F38BEC /* DetailsView.swift */; };
		DC944DE52A0B972600F38BEC /* PinManager.swift in Sources */ = {isa = PBXBuildFile; fileRef = DC944DE42A0B972600F38BEC /* PinManager.swift */; };
/* End PBXBuildFile section */

/* Begin PBXContainerItemProxy section */
		DC944DC02A0B810900F38BEC /* PBXContainerItemProxy */ = {
			isa = PBXContainerItemProxy;
			containerPortal = DC944DA72A0B810800F38BEC /* Project object */;
			proxyType = 1;
			remoteGlobalIDString = DC944DAE2A0B810800F38BEC;
			remoteInfo = SwiftUIMapKit;
		};
		DC944DCA2A0B810900F38BEC /* PBXContainerItemProxy */ = {
			isa = PBXContainerItemProxy;
			containerPortal = DC944DA72A0B810800F38BEC /* Project object */;
			proxyType = 1;
			remoteGlobalIDString = DC944DAE2A0B810800F38BEC;
			remoteInfo = SwiftUIMapKit;
		};
/* End PBXContainerItemProxy section */

/* Begin PBXFileReference section */
		DC944DAF2A0B810800F38BEC /* SwiftUIMapKit.app */ = {isa = PBXFileReference; explicitFileType = wrapper.application; includeInIndex = 0; path = SwiftUIMapKit.app; sourceTree = BUILT_PRODUCTS_DIR; };
		DC944DB22A0B810800F38BEC /* SwiftUIMapKitApp.swift */ = {isa = PBXFileReference; lastKnownFileType = sourcecode.swift; path = SwiftUIMapKitApp.swift; sourceTree = "<group>"; };
		DC944DB42A0B810800F38BEC /* ContentView.swift */ = {isa = PBXFileReference; lastKnownFileType = sourcecode.swift; path = ContentView.swift; sourceTree = "<group>"; };
		DC944DB62A0B810900F38BEC /* Assets.xcassets */ = {isa = PBXFileReference; lastKnownFileType = folder.assetcatalog; path = Assets.xcassets; sourceTree = "<group>"; };
		DC944DB92A0B810900F38BEC /* Preview Assets.xcassets */ = {isa = PBXFileReference; lastKnownFileType = folder.assetcatalog; path = "Preview Assets.xcassets"; sourceTree = "<group>"; };
		DC944DBF2A0B810900F38BEC /* SwiftUIMapKitTests.xctest */ = {isa = PBXFileReference; explicitFileType = wrapper.cfbundle; includeInIndex = 0; path = SwiftUIMapKitTests.xctest; sourceTree = BUILT_PRODUCTS_DIR; };
		DC944DC32A0B810900F38BEC /* SwiftUIMapKitTests.swift */ = {isa = PBXFileReference; lastKnownFileType = sourcecode.swift; path = SwiftUIMapKitTests.swift; sourceTree = "<group>"; };
		DC944DC92A0B810900F38BEC /* SwiftUIMapKitUITests.xctest */ = {isa = PBXFileReference; explicitFileType = wrapper.cfbundle; includeInIndex = 0; path = SwiftUIMapKitUITests.xctest; sourceTree = BUILT_PRODUCTS_DIR; };
		DC944DCD2A0B810900F38BEC /* SwiftUIMapKitUITests.swift */ = {isa = PBXFileReference; lastKnownFileType = sourcecode.swift; path = SwiftUIMapKitUITests.swift; sourceTree = "<group>"; };
		DC944DCF2A0B810900F38BEC /* SwiftUIMapKitUITestsLaunchTests.swift */ = {isa = PBXFileReference; lastKnownFileType = sourcecode.swift; path = SwiftUIMapKitUITestsLaunchTests.swift; sourceTree = "<group>"; };
		DC944DDC2A0B85C300F38BEC /* LocationManager.swift */ = {isa = PBXFileReference; lastKnownFileType = sourcecode.swift; path = LocationManager.swift; sourceTree = "<group>"; };
		DC944DDE2A0B8F6C00F38BEC /* CityModel.swift */ = {isa = PBXFileReference; lastKnownFileType = sourcecode.swift; path = CityModel.swift; sourceTree = "<group>"; };
		DC944DE02A0B905700F38BEC /* CustomMapPin.swift */ = {isa = PBXFileReference; lastKnownFileType = sourcecode.swift; path = CustomMapPin.swift; sourceTree = "<group>"; };
		DC944DE22A0B959400F38BEC /* DetailsView.swift */ = {isa = PBXFileReference; lastKnownFileType = sourcecode.swift; path = DetailsView.swift; sourceTree = "<group>"; };
		DC944DE42A0B972600F38BEC /* PinManager.swift */ = {isa = PBXFileReference; lastKnownFileType = sourcecode.swift; path = PinManager.swift; sourceTree = "<group>"; };
/* End PBXFileReference section */

/* Begin PBXFrameworksBuildPhase section */
		DC944DAC2A0B810800F38BEC /* Frameworks */ = {
			isa = PBXFrameworksBuildPhase;
			buildActionMask = 2147483647;
			files = (
			);
			runOnlyForDeploymentPostprocessing = 0;
		};
		DC944DBC2A0B810900F38BEC /* Frameworks */ = {
			isa = PBXFrameworksBuildPhase;
			buildActionMask = 2147483647;
			files = (
			);
			runOnlyForDeploymentPostprocessing = 0;
		};
		DC944DC62A0B810900F38BEC /* Frameworks */ = {
			isa = PBXFrameworksBuildPhase;
			buildActionMask = 2147483647;
			files = (
			);
			runOnlyForDeploymentPostprocessing = 0;
		};
/* End PBXFrameworksBuildPhase section */

/* Begin PBXGroup section */
		DC944DA62A0B810800F38BEC = {
			isa = PBXGroup;
			children = (
				DC944DB12A0B810800F38BEC /* SwiftUIMapKit */,
				DC944DC22A0B810900F38BEC /* SwiftUIMapKitTests */,
				DC944DCC2A0B810900F38BEC /* SwiftUIMapKitUITests */,
				DC944DB02A0B810800F38BEC /* Products */,
			);
			sourceTree = "<group>";
		};
		DC944DB02A0B810800F38BEC /* Products */ = {
			isa = PBXGroup;
			children = (
				DC944DAF2A0B810800F38BEC /* SwiftUIMapKit.app */,
				DC944DBF2A0B810900F38BEC /* SwiftUIMapKitTests.xctest */,
				DC944DC92A0B810900F38BEC /* SwiftUIMapKitUITests.xctest */,
			);
			name = Products;
			sourceTree = "<group>";
		};
		DC944DB12A0B810800F38BEC /* SwiftUIMapKit */ = {
			isa = PBXGroup;
			children = (
				DC944DDC2A0B85C300F38BEC /* LocationManager.swift */,
				DC944DB22A0B810800F38BEC /* SwiftUIMapKitApp.swift */,
				DC944DB42A0B810800F38BEC /* ContentView.swift */,
				DC944DB62A0B810900F38BEC /* Assets.xcassets */,
				DC944DB82A0B810900F38BEC /* Preview Content */,
				DC944DDE2A0B8F6C00F38BEC /* CityModel.swift */,
				DC944DE02A0B905700F38BEC /* CustomMapPin.swift */,
				DC944DE22A0B959400F38BEC /* DetailsView.swift */,
				DC944DE42A0B972600F38BEC /* PinManager.swift */,
			);
			path = SwiftUIMapKit;
			sourceTree = "<group>";
		};
		DC944DB82A0B810900F38BEC /* Preview Content */ = {
			isa = PBXGroup;
			children = (
				DC944DB92A0B810900F38BEC /* Preview Assets.xcassets */,
			);
			path = "Preview Content";
			sourceTree = "<group>";
		};
		DC944DC22A0B810900F38BEC /* SwiftUIMapKitTests */ = {
			isa = PBXGroup;
			children = (
				DC944DC32A0B810900F38BEC /* SwiftUIMapKitTests.swift */,
			);
			path = SwiftUIMapKitTests;
			sourceTree = "<group>";
		};
		DC944DCC2A0B810900F38BEC /* SwiftUIMapKitUITests */ = {
			isa = PBXGroup;
			children = (
				DC944DCD2A0B810900F38BEC /* SwiftUIMapKitUITests.swift */,
				DC944DCF2A0B810900F38BEC /* SwiftUIMapKitUITestsLaunchTests.swift */,
			);
			path = SwiftUIMapKitUITests;
			sourceTree = "<group>";
		};
/* End PBXGroup section */

/* Begin PBXNativeTarget section */
		DC944DAE2A0B810800F38BEC /* SwiftUIMapKit */ = {
			isa = PBXNativeTarget;
			buildConfigurationList = DC944DD32A0B810900F38BEC /* Build configuration list for PBXNativeTarget "SwiftUIMapKit" */;
			buildPhases = (
				DC944DAB2A0B810800F38BEC /* Sources */,
				DC944DAC2A0B810800F38BEC /* Frameworks */,
				DC944DAD2A0B810800F38BEC /* Resources */,
			);
			buildRules = (
			);
			dependencies = (
			);
			name = SwiftUIMapKit;
			productName = SwiftUIMapKit;
			productReference = DC944DAF2A0B810800F38BEC /* SwiftUIMapKit.app */;
			productType = "com.apple.product-type.application";
		};
		DC944DBE2A0B810900F38BEC /* SwiftUIMapKitTests */ = {
			isa = PBXNativeTarget;
			buildConfigurationList = DC944DD62A0B810900F38BEC /* Build configuration list for PBXNativeTarget "SwiftUIMapKitTests" */;
			buildPhases = (
				DC944DBB2A0B810900F38BEC /* Sources */,
				DC944DBC2A0B810900F38BEC /* Frameworks */,
				DC944DBD2A0B810900F38BEC /* Resources */,
			);
			buildRules = (
			);
			dependencies = (
				DC944DC12A0B810900F38BEC /* PBXTargetDependency */,
			);
			name = SwiftUIMapKitTests;
			productName = SwiftUIMapKitTests;
			productReference = DC944DBF2A0B810900F38BEC /* SwiftUIMapKitTests.xctest */;
			productType = "com.apple.product-type.bundle.unit-test";
		};
		DC944DC82A0B810900F38BEC /* SwiftUIMapKitUITests */ = {
			isa = PBXNativeTarget;
			buildConfigurationList = DC944DD92A0B810900F38BEC /* Build configuration list for PBXNativeTarget "SwiftUIMapKitUITests" */;
			buildPhases = (
				DC944DC52A0B810900F38BEC /* Sources */,
				DC944DC62A0B810900F38BEC /* Frameworks */,
				DC944DC72A0B810900F38BEC /* Resources */,
			);
			buildRules = (
			);
			dependencies = (
				DC944DCB2A0B810900F38BEC /* PBXTargetDependency */,
			);
			name = SwiftUIMapKitUITests;
			productName = SwiftUIMapKitUITests;
			productReference = DC944DC92A0B810900F38BEC /* SwiftUIMapKitUITests.xctest */;
			productType = "com.apple.product-type.bundle.ui-testing";
		};
/* End PBXNativeTarget section */

/* Begin PBXProject section */
		DC944DA72A0B810800F38BEC /* Project object */ = {
			isa = PBXProject;
			attributes = {
				BuildIndependentTargetsInParallel = 1;
				LastSwiftUpdateCheck = 1430;
				LastUpgradeCheck = 1430;
				TargetAttributes = {
					DC944DAE2A0B810800F38BEC = {
						CreatedOnToolsVersion = 14.3;
					};
					DC944DBE2A0B810900F38BEC = {
						CreatedOnToolsVersion = 14.3;
						TestTargetID = DC944DAE2A0B810800F38BEC;
					};
					DC944DC82A0B810900F38BEC = {
						CreatedOnToolsVersion = 14.3;
						TestTargetID = DC944DAE2A0B810800F38BEC;
					};
				};
			};
			buildConfigurationList = DC944DAA2A0B810800F38BEC /* Build configuration list for PBXProject "SwiftUIMapKit" */;
			compatibilityVersion = "Xcode 14.0";
			developmentRegion = en;
			hasScannedForEncodings = 0;
			knownRegions = (
				en,
				Base,
			);
			mainGroup = DC944DA62A0B810800F38BEC;
			productRefGroup = DC944DB02A0B810800F38BEC /* Products */;
			projectDirPath = "";
			projectRoot = "";
			targets = (
				DC944DAE2A0B810800F38BEC /* SwiftUIMapKit */,
				DC944DBE2A0B810900F38BEC /* SwiftUIMapKitTests */,
				DC944DC82A0B810900F38BEC /* SwiftUIMapKitUITests */,
			);
		};
/* End PBXProject section */

/* Begin PBXResourcesBuildPhase section */
		DC944DAD2A0B810800F38BEC /* Resources */ = {
			isa = PBXResourcesBuildPhase;
			buildActionMask = 2147483647;
			files = (
				DC944DBA2A0B810900F38BEC /* Preview Assets.xcassets in Resources */,
				DC944DB72A0B810900F38BEC /* Assets.xcassets in Resources */,
			);
			runOnlyForDeploymentPostprocessing = 0;
		};
		DC944DBD2A0B810900F38BEC /* Resources */ = {
			isa = PBXResourcesBuildPhase;
			buildActionMask = 2147483647;
			files = (
			);
			runOnlyForDeploymentPostprocessing = 0;
		};
		DC944DC72A0B810900F38BEC /* Resources */ = {
			isa = PBXResourcesBuildPhase;
			buildActionMask = 2147483647;
			files = (
			);
			runOnlyForDeploymentPostprocessing = 0;
		};
/* End PBXResourcesBuildPhase section */

/* Begin PBXSourcesBuildPhase section */
		DC944DAB2A0B810800F38BEC /* Sources */ = {
			isa = PBXSourcesBuildPhase;
			buildActionMask = 2147483647;
			files = (
				DC944DDF2A0B8F6C00F38BEC /* CityModel.swift in Sources */,
				DC944DB52A0B810800F38BEC /* ContentView.swift in Sources */,
				DC944DE12A0B905700F38BEC /* CustomMapPin.swift in Sources */,
				DC944DE52A0B972600F38BEC /* PinManager.swift in Sources */,
				DC944DB32A0B810800F38BEC /* SwiftUIMapKitApp.swift in Sources */,
				DC944DDD2A0B85C300F38BEC /* LocationManager.swift in Sources */,
				DC944DE32A0B959400F38BEC /* DetailsView.swift in Sources */,
			);
			runOnlyForDeploymentPostprocessing = 0;
		};
		DC944DBB2A0B810900F38BEC /* Sources */ = {
			isa = PBXSourcesBuildPhase;
			buildActionMask = 2147483647;
			files = (
				DC944DC42A0B810900F38BEC /* SwiftUIMapKitTests.swift in Sources */,
			);
			runOnlyForDeploymentPostprocessing = 0;
		};
		DC944DC52A0B810900F38BEC /* Sources */ = {
			isa = PBXSourcesBuildPhase;
			buildActionMask = 2147483647;
			files = (
				DC944DD02A0B810900F38BEC /* SwiftUIMapKitUITestsLaunchTests.swift in Sources */,
				DC944DCE2A0B810900F38BEC /* SwiftUIMapKitUITests.swift in Sources */,
			);
			runOnlyForDeploymentPostprocessing = 0;
		};
/* End PBXSourcesBuildPhase section */

/* Begin PBXTargetDependency section */
		DC944DC12A0B810900F38BEC /* PBXTargetDependency */ = {
			isa = PBXTargetDependency;
			target = DC944DAE2A0B810800F38BEC /* SwiftUIMapKit */;
			targetProxy = DC944DC02A0B810900F38BEC /* PBXContainerItemProxy */;
		};
		DC944DCB2A0B810900F38BEC /* PBXTargetDependency */ = {
			isa = PBXTargetDependency;
			target = DC944DAE2A0B810800F38BEC /* SwiftUIMapKit */;
			targetProxy = DC944DCA2A0B810900F38BEC /* PBXContainerItemProxy */;
		};
/* End PBXTargetDependency section */

/* Begin XCBuildConfiguration section */
		DC944DD12A0B810900F38BEC /* Debug */ = {
			isa = XCBuildConfiguration;
			buildSettings = {
				ALWAYS_SEARCH_USER_PATHS = NO;
				CLANG_ANALYZER_NONNULL = YES;
				CLANG_ANALYZER_NUMBER_OBJECT_CONVERSION = YES_AGGRESSIVE;
				CLANG_CXX_LANGUAGE_STANDARD = "gnu++20";
				CLANG_ENABLE_MODULES = YES;
				CLANG_ENABLE_OBJC_ARC = YES;
				CLANG_ENABLE_OBJC_WEAK = YES;
				CLANG_WARN_BLOCK_CAPTURE_AUTORELEASING = YES;
				CLANG_WARN_BOOL_CONVERSION = YES;
				CLANG_WARN_COMMA = YES;
				CLANG_WARN_CONSTANT_CONVERSION = YES;
				CLANG_WARN_DEPRECATED_OBJC_IMPLEMENTATIONS = YES;
				CLANG_WARN_DIRECT_OBJC_ISA_USAGE = YES_ERROR;
				CLANG_WARN_DOCUMENTATION_COMMENTS = YES;
				CLANG_WARN_EMPTY_BODY = YES;
				CLANG_WARN_ENUM_CONVERSION = YES;
				CLANG_WARN_INFINITE_RECURSION = YES;
				CLANG_WARN_INT_CONVERSION = YES;
				CLANG_WARN_NON_LITERAL_NULL_CONVERSION = YES;
				CLANG_WARN_OBJC_IMPLICIT_RETAIN_SELF = YES;
				CLANG_WARN_OBJC_LITERAL_CONVERSION = YES;
				CLANG_WARN_OBJC_ROOT_CLASS = YES_ERROR;
				CLANG_WARN_QUOTED_INCLUDE_IN_FRAMEWORK_HEADER = YES;
				CLANG_WARN_RANGE_LOOP_ANALYSIS = YES;
				CLANG_WARN_STRICT_PROTOTYPES = YES;
				CLANG_WARN_SUSPICIOUS_MOVE = YES;
				CLANG_WARN_UNGUARDED_AVAILABILITY = YES_AGGRESSIVE;
				CLANG_WARN_UNREACHABLE_CODE = YES;
				CLANG_WARN__DUPLICATE_METHOD_MATCH = YES;
				COPY_PHASE_STRIP = NO;
				DEBUG_INFORMATION_FORMAT = dwarf;
				ENABLE_STRICT_OBJC_MSGSEND = YES;
				ENABLE_TESTABILITY = YES;
				GCC_C_LANGUAGE_STANDARD = gnu11;
				GCC_DYNAMIC_NO_PIC = NO;
				GCC_NO_COMMON_BLOCKS = YES;
				GCC_OPTIMIZATION_LEVEL = 0;
				GCC_PREPROCESSOR_DEFINITIONS = (
					"DEBUG=1",
					"$(inherited)",
				);
				GCC_WARN_64_TO_32_BIT_CONVERSION = YES;
				GCC_WARN_ABOUT_RETURN_TYPE = YES_ERROR;
				GCC_WARN_UNDECLARED_SELECTOR = YES;
				GCC_WARN_UNINITIALIZED_AUTOS = YES_AGGRESSIVE;
				GCC_WARN_UNUSED_FUNCTION = YES;
				GCC_WARN_UNUSED_VARIABLE = YES;
				IPHONEOS_DEPLOYMENT_TARGET = 16.4;
				MTL_ENABLE_DEBUG_INFO = INCLUDE_SOURCE;
				MTL_FAST_MATH = YES;
				ONLY_ACTIVE_ARCH = YES;
				SDKROOT = iphoneos;
				SWIFT_ACTIVE_COMPILATION_CONDITIONS = DEBUG;
				SWIFT_OPTIMIZATION_LEVEL = "-Onone";
			};
			name = Debug;
		};
		DC944DD22A0B810900F38BEC /* Release */ = {
			isa = XCBuildConfiguration;
			buildSettings = {
				ALWAYS_SEARCH_USER_PATHS = NO;
				CLANG_ANALYZER_NONNULL = YES;
				CLANG_ANALYZER_NUMBER_OBJECT_CONVERSION = YES_AGGRESSIVE;
				CLANG_CXX_LANGUAGE_STANDARD = "gnu++20";
				CLANG_ENABLE_MODULES = YES;
				CLANG_ENABLE_OBJC_ARC = YES;
				CLANG_ENABLE_OBJC_WEAK = YES;
				CLANG_WARN_BLOCK_CAPTURE_AUTORELEASING = YES;
				CLANG_WARN_BOOL_CONVERSION = YES;
				CLANG_WARN_COMMA = YES;
				CLANG_WARN_CONSTANT_CONVERSION = YES;
				CLANG_WARN_DEPRECATED_OBJC_IMPLEMENTATIONS = YES;
				CLANG_WARN_DIRECT_OBJC_ISA_USAGE = YES_ERROR;
				CLANG_WARN_DOCUMENTATION_COMMENTS = YES;
				CLANG_WARN_EMPTY_BODY = YES;
				CLANG_WARN_ENUM_CONVERSION = YES;
				CLANG_WARN_INFINITE_RECURSION = YES;
				CLANG_WARN_INT_CONVERSION = YES;
				CLANG_WARN_NON_LITERAL_NULL_CONVERSION = YES;
				CLANG_WARN_OBJC_IMPLICIT_RETAIN_SELF = YES;
				CLANG_WARN_OBJC_LITERAL_CONVERSION = YES;
				CLANG_WARN_OBJC_ROOT_CLASS = YES_ERROR;
				CLANG_WARN_QUOTED_INCLUDE_IN_FRAMEWORK_HEADER = YES;
				CLANG_WARN_RANGE_LOOP_ANALYSIS = YES;
				CLANG_WARN_STRICT_PROTOTYPES = YES;
				CLANG_WARN_SUSPICIOUS_MOVE = YES;
				CLANG_WARN_UNGUARDED_AVAILABILITY = YES_AGGRESSIVE;
				CLANG_WARN_UNREACHABLE_CODE = YES;
				CLANG_WARN__DUPLICATE_METHOD_MATCH = YES;
				COPY_PHASE_STRIP = NO;
				DEBUG_INFORMATION_FORMAT = "dwarf-with-dsym";
				ENABLE_NS_ASSERTIONS = NO;
				ENABLE_STRICT_OBJC_MSGSEND = YES;
				GCC_C_LANGUAGE_STANDARD = gnu11;
				GCC_NO_COMMON_BLOCKS = YES;
				GCC_WARN_64_TO_32_BIT_CONVERSION = YES;
				GCC_WARN_ABOUT_RETURN_TYPE = YES_ERROR;
				GCC_WARN_UNDECLARED_SELECTOR = YES;
				GCC_WARN_UNINITIALIZED_AUTOS = YES_AGGRESSIVE;
				GCC_WARN_UNUSED_FUNCTION = YES;
				GCC_WARN_UNUSED_VARIABLE = YES;
				IPHONEOS_DEPLOYMENT_TARGET = 16.4;
				MTL_ENABLE_DEBUG_INFO = NO;
				MTL_FAST_MATH = YES;
				SDKROOT = iphoneos;
				SWIFT_COMPILATION_MODE = wholemodule;
				SWIFT_OPTIMIZATION_LEVEL = "-O";
				VALIDATE_PRODUCT = YES;
			};
			name = Release;
		};
		DC944DD42A0B810900F38BEC /* Debug */ = {
			isa = XCBuildConfiguration;
			buildSettings = {
				ASSETCATALOG_COMPILER_APPICON_NAME = AppIcon;
				ASSETCATALOG_COMPILER_GLOBAL_ACCENT_COLOR_NAME = AccentColor;
				CODE_SIGN_STYLE = Automatic;
				CURRENT_PROJECT_VERSION = 1;
				DEVELOPMENT_ASSET_PATHS = "\"SwiftUIMapKit/Preview Content\"";
				ENABLE_PREVIEWS = YES;
				GENERATE_INFOPLIST_FILE = YES;
				INFOPLIST_KEY_NSLocationWhenInUseUsageDescription = "$(MARKETING_VERSION)";
				INFOPLIST_KEY_UIApplicationSceneManifest_Generation = YES;
				INFOPLIST_KEY_UIApplicationSupportsIndirectInputEvents = YES;
				INFOPLIST_KEY_UILaunchScreen_Generation = YES;
				INFOPLIST_KEY_UISupportedInterfaceOrientations_iPad = "UIInterfaceOrientationPortrait UIInterfaceOrientationPortraitUpsideDown UIInterfaceOrientationLandscapeLeft UIInterfaceOrientationLandscapeRight";
				INFOPLIST_KEY_UISupportedInterfaceOrientations_iPhone = "UIInterfaceOrientationPortrait UIInterfaceOrientationLandscapeLeft UIInterfaceOrientationLandscapeRight";
				LD_RUNPATH_SEARCH_PATHS = (
					"$(inherited)",
					"@executable_path/Frameworks",
				);
				MARKETING_VERSION = 1.0;
				PRODUCT_BUNDLE_IDENTIFIER = com.tp.SwiftUIMapKit;
				PRODUCT_NAME = "$(TARGET_NAME)";
				SWIFT_EMIT_LOC_STRINGS = YES;
				SWIFT_VERSION = 5.0;
				TARGETED_DEVICE_FAMILY = "1,2";
			};
			name = Debug;
		};
		DC944DD52A0B810900F38BEC /* Release */ = {
			isa = XCBuildConfiguration;
			buildSettings = {
				ASSETCATALOG_COMPILER_APPICON_NAME = AppIcon;
				ASSETCATALOG_COMPILER_GLOBAL_ACCENT_COLOR_NAME = AccentColor;
				CODE_SIGN_STYLE = Automatic;
				CURRENT_PROJECT_VERSION = 1;
				DEVELOPMENT_ASSET_PATHS = "\"SwiftUIMapKit/Preview Content\"";
				ENABLE_PREVIEWS = YES;
				GENERATE_INFOPLIST_FILE = YES;
				INFOPLIST_KEY_NSLocationWhenInUseUsageDescription = "$(MARKETING_VERSION)";
				INFOPLIST_KEY_UIApplicationSceneManifest_Generation = YES;
				INFOPLIST_KEY_UIApplicationSupportsIndirectInputEvents = YES;
				INFOPLIST_KEY_UILaunchScreen_Generation = YES;
				INFOPLIST_KEY_UISupportedInterfaceOrientations_iPad = "UIInterfaceOrientationPortrait UIInterfaceOrientationPortraitUpsideDown UIInterfaceOrientationLandscapeLeft UIInterfaceOrientationLandscapeRight";
				INFOPLIST_KEY_UISupportedInterfaceOrientations_iPhone = "UIInterfaceOrientationPortrait UIInterfaceOrientationLandscapeLeft UIInterfaceOrientationLandscapeRight";
				LD_RUNPATH_SEARCH_PATHS = (
					"$(inherited)",
					"@executable_path/Frameworks",
				);
				MARKETING_VERSION = 1.0;
				PRODUCT_BUNDLE_IDENTIFIER = com.tp.SwiftUIMapKit;
				PRODUCT_NAME = "$(TARGET_NAME)";
				SWIFT_EMIT_LOC_STRINGS = YES;
				SWIFT_VERSION = 5.0;
				TARGETED_DEVICE_FAMILY = "1,2";
			};
			name = Release;
		};
		DC944DD72A0B810900F38BEC /* Debug */ = {
			isa = XCBuildConfiguration;
			buildSettings = {
				ALWAYS_EMBED_SWIFT_STANDARD_LIBRARIES = YES;
				BUNDLE_LOADER = "$(TEST_HOST)";
				CODE_SIGN_STYLE = Automatic;
				CURRENT_PROJECT_VERSION = 1;
				GENERATE_INFOPLIST_FILE = YES;
				IPHONEOS_DEPLOYMENT_TARGET = 16.4;
				MARKETING_VERSION = 1.0;
				PRODUCT_BUNDLE_IDENTIFIER = com.tp.SwiftUIMapKitTests;
				PRODUCT_NAME = "$(TARGET_NAME)";
				SWIFT_EMIT_LOC_STRINGS = NO;
				SWIFT_VERSION = 5.0;
				TARGETED_DEVICE_FAMILY = "1,2";
				TEST_HOST = "$(BUILT_PRODUCTS_DIR)/SwiftUIMapKit.app/$(BUNDLE_EXECUTABLE_FOLDER_PATH)/SwiftUIMapKit";
			};
			name = Debug;
		};
		DC944DD82A0B810900F38BEC /* Release */ = {
			isa = XCBuildConfiguration;
			buildSettings = {
				ALWAYS_EMBED_SWIFT_STANDARD_LIBRARIES = YES;
				BUNDLE_LOADER = "$(TEST_HOST)";
				CODE_SIGN_STYLE = Automatic;
				CURRENT_PROJECT_VERSION = 1;
				GENERATE_INFOPLIST_FILE = YES;
				IPHONEOS_DEPLOYMENT_TARGET = 16.4;
				MARKETING_VERSION = 1.0;
				PRODUCT_BUNDLE_IDENTIFIER = com.tp.SwiftUIMapKitTests;
				PRODUCT_NAME = "$(TARGET_NAME)";
				SWIFT_EMIT_LOC_STRINGS = NO;
				SWIFT_VERSION = 5.0;
				TARGETED_DEVICE_FAMILY = "1,2";
				TEST_HOST = "$(BUILT_PRODUCTS_DIR)/SwiftUIMapKit.app/$(BUNDLE_EXECUTABLE_FOLDER_PATH)/SwiftUIMapKit";
			};
			name = Release;
		};
		DC944DDA2A0B810900F38BEC /* Debug */ = {
			isa = XCBuildConfiguration;
			buildSettings = {
				ALWAYS_EMBED_SWIFT_STANDARD_LIBRARIES = YES;
				CODE_SIGN_STYLE = Automatic;
				CURRENT_PROJECT_VERSION = 1;
				GENERATE_INFOPLIST_FILE = YES;
				MARKETING_VERSION = 1.0;
				PRODUCT_BUNDLE_IDENTIFIER = com.tp.SwiftUIMapKitUITests;
				PRODUCT_NAME = "$(TARGET_NAME)";
				SWIFT_EMIT_LOC_STRINGS = NO;
				SWIFT_VERSION = 5.0;
				TARGETED_DEVICE_FAMILY = "1,2";
				TEST_TARGET_NAME = SwiftUIMapKit;
			};
			name = Debug;
		};
		DC944DDB2A0B810900F38BEC /* Release */ = {
			isa = XCBuildConfiguration;
			buildSettings = {
				ALWAYS_EMBED_SWIFT_STANDARD_LIBRARIES = YES;
				CODE_SIGN_STYLE = Automatic;
				CURRENT_PROJECT_VERSION = 1;
				GENERATE_INFOPLIST_FILE = YES;
				MARKETING_VERSION = 1.0;
				PRODUCT_BUNDLE_IDENTIFIER = com.tp.SwiftUIMapKitUITests;
				PRODUCT_NAME = "$(TARGET_NAME)";
				SWIFT_EMIT_LOC_STRINGS = NO;
				SWIFT_VERSION = 5.0;
				TARGETED_DEVICE_FAMILY = "1,2";
				TEST_TARGET_NAME = SwiftUIMapKit;
			};
			name = Release;
		};
/* End XCBuildConfiguration section */

/* Begin XCConfigurationList section */
		DC944DAA2A0B810800F38BEC /* Build configuration list for PBXProject "SwiftUIMapKit" */ = {
			isa = XCConfigurationList;
			buildConfigurations = (
				DC944DD12A0B810900F38BEC /* Debug */,
				DC944DD22A0B810900F38BEC /* Release */,
			);
			defaultConfigurationIsVisible = 0;
			defaultConfigurationName = Release;
		};
		DC944DD32A0B810900F38BEC /* Build configuration list for PBXNativeTarget "SwiftUIMapKit" */ = {
			isa = XCConfigurationList;
			buildConfigurations = (
				DC944DD42A0B810900F38BEC /* Debug */,
				DC944DD52A0B810900F38BEC /* Release */,
			);
			defaultConfigurationIsVisible = 0;
			defaultConfigurationName = Release;
		};
		DC944DD62A0B810900F38BEC /* Build configuration list for PBXNativeTarget "SwiftUIMapKitTests" */ = {
			isa = XCConfigurationList;
			buildConfigurations = (
				DC944DD72A0B810900F38BEC /* Debug */,
				DC944DD82A0B810900F38BEC /* Release */,
			);
			defaultConfigurationIsVisible = 0;
			defaultConfigurationName = Release;
		};
		DC944DD92A0B810900F38BEC /* Build configuration list for PBXNativeTarget "SwiftUIMapKitUITests" */ = {
			isa = XCConfigurationList;
			buildConfigurations = (
				DC944DDA2A0B810900F38BEC /* Debug */,
				DC944DDB2A0B810900F38BEC /* Release */,
			);
			defaultConfigurationIsVisible = 0;
			defaultConfigurationName = Release;
		};
/* End XCConfigurationList section */
	};
	rootObject = DC944DA72A0B810800F38BEC /* Project object */;
}
