// !$*UTF8*$!
{
	archiveVersion = 1;
	classes = {
	};
	objectVersion = 56;
	objects = {

/* Begin PBXBuildFile section */
		DCF6965C29EE821300BA4CD0 /* AppDelegate.swift in Sources */ = {isa = PBXBuildFile; fileRef = DCF6965B29EE821300BA4CD0 /* AppDelegate.swift */; };
		DCF6965E29EE821300BA4CD0 /* SceneDelegate.swift in Sources */ = {isa = PBXBuildFile; fileRef = DCF6965D29EE821300BA4CD0 /* SceneDelegate.swift */; };
		DCF6966029EE821300BA4CD0 /* ViewController.swift in Sources */ = {isa = PBXBuildFile; fileRef = DCF6965F29EE821300BA4CD0 /* ViewController.swift */; };
		DCF6966329EE821300BA4CD0 /* Main.storyboard in Resources */ = {isa = PBXBuildFile; fileRef = DCF6966129EE821300BA4CD0 /* Main.storyboard */; };
		DCF6966529EE821400BA4CD0 /* Assets.xcassets in Resources */ = {isa = PBXBuildFile; fileRef = DCF6966429EE821400BA4CD0 /* Assets.xcassets */; };
		DCF6966829EE821400BA4CD0 /* LaunchScreen.storyboard in Resources */ = {isa = PBXBuildFile; fileRef = DCF6966629EE821400BA4CD0 /* LaunchScreen.storyboard */; };
		DCF6967329EE821400BA4CD0 /* assignment_12Tests.swift in Sources */ = {isa = PBXBuildFile; fileRef = DCF6967229EE821400BA4CD0 /* assignment_12Tests.swift */; };
		DCF6967D29EE821400BA4CD0 /* assignment_12UITests.swift in Sources */ = {isa = PBXBuildFile; fileRef = DCF6967C29EE821400BA4CD0 /* assignment_12UITests.swift */; };
		DCF6967F29EE821400BA4CD0 /* assignment_12UITestsLaunchTests.swift in Sources */ = {isa = PBXBuildFile; fileRef = DCF6967E29EE821400BA4CD0 /* assignment_12UITestsLaunchTests.swift */; };
/* End PBXBuildFile section */

/* Begin PBXContainerItemProxy section */
		DCF6966F29EE821400BA4CD0 /* PBXContainerItemProxy */ = {
			isa = PBXContainerItemProxy;
			containerPortal = DCF6965029EE821300BA4CD0 /* Project object */;
			proxyType = 1;
			remoteGlobalIDString = DCF6965729EE821300BA4CD0;
			remoteInfo = assignment_12;
		};
		DCF6967929EE821400BA4CD0 /* PBXContainerItemProxy */ = {
			isa = PBXContainerItemProxy;
			containerPortal = DCF6965029EE821300BA4CD0 /* Project object */;
			proxyType = 1;
			remoteGlobalIDString = DCF6965729EE821300BA4CD0;
			remoteInfo = assignment_12;
		};
/* End PBXContainerItemProxy section */

/* Begin PBXFileReference section */
		DCF6965829EE821300BA4CD0 /* assignment_12.app */ = {isa = PBXFileReference; explicitFileType = wrapper.application; includeInIndex = 0; path = assignment_12.app; sourceTree = BUILT_PRODUCTS_DIR; };
		DCF6965B29EE821300BA4CD0 /* AppDelegate.swift */ = {isa = PBXFileReference; lastKnownFileType = sourcecode.swift; path = AppDelegate.swift; sourceTree = "<group>"; };
		DCF6965D29EE821300BA4CD0 /* SceneDelegate.swift */ = {isa = PBXFileReference; lastKnownFileType = sourcecode.swift; path = SceneDelegate.swift; sourceTree = "<group>"; };
		DCF6965F29EE821300BA4CD0 /* ViewController.swift */ = {isa = PBXFileReference; lastKnownFileType = sourcecode.swift; path = ViewController.swift; sourceTree = "<group>"; };
		DCF6966229EE821300BA4CD0 /* Base */ = {isa = PBXFileReference; lastKnownFileType = file.storyboard; name = Base; path = Base.lproj/Main.storyboard; sourceTree = "<group>"; };
		DCF6966429EE821400BA4CD0 /* Assets.xcassets */ = {isa = PBXFileReference; lastKnownFileType = folder.assetcatalog; path = Assets.xcassets; sourceTree = "<group>"; };
		DCF6966729EE821400BA4CD0 /* Base */ = {isa = PBXFileReference; lastKnownFileType = file.storyboard; name = Base; path = Base.lproj/LaunchScreen.storyboard; sourceTree = "<group>"; };
		DCF6966929EE821400BA4CD0 /* Info.plist */ = {isa = PBXFileReference; lastKnownFileType = text.plist.xml; path = Info.plist; sourceTree = "<group>"; };
		DCF6966E29EE821400BA4CD0 /* assignment_12Tests.xctest */ = {isa = PBXFileReference; explicitFileType = wrapper.cfbundle; includeInIndex = 0; path = assignment_12Tests.xctest; sourceTree = BUILT_PRODUCTS_DIR; };
		DCF6967229EE821400BA4CD0 /* assignment_12Tests.swift */ = {isa = PBXFileReference; lastKnownFileType = sourcecode.swift; path = assignment_12Tests.swift; sourceTree = "<group>"; };
		DCF6967829EE821400BA4CD0 /* assignment_12UITests.xctest */ = {isa = PBXFileReference; explicitFileType = wrapper.cfbundle; includeInIndex = 0; path = assignment_12UITests.xctest; sourceTree = BUILT_PRODUCTS_DIR; };
		DCF6967C29EE821400BA4CD0 /* assignment_12UITests.swift */ = {isa = PBXFileReference; lastKnownFileType = sourcecode.swift; path = assignment_12UITests.swift; sourceTree = "<group>"; };
		DCF6967E29EE821400BA4CD0 /* assignment_12UITestsLaunchTests.swift */ = {isa = PBXFileReference; lastKnownFileType = sourcecode.swift; path = assignment_12UITestsLaunchTests.swift; sourceTree = "<group>"; };
/* End PBXFileReference section */

/* Begin PBXFrameworksBuildPhase section */
		DCF6965529EE821300BA4CD0 /* Frameworks */ = {
			isa = PBXFrameworksBuildPhase;
			buildActionMask = 2147483647;
			files = (
			);
			runOnlyForDeploymentPostprocessing = 0;
		};
		DCF6966B29EE821400BA4CD0 /* Frameworks */ = {
			isa = PBXFrameworksBuildPhase;
			buildActionMask = 2147483647;
			files = (
			);
			runOnlyForDeploymentPostprocessing = 0;
		};
		DCF6967529EE821400BA4CD0 /* Frameworks */ = {
			isa = PBXFrameworksBuildPhase;
			buildActionMask = 2147483647;
			files = (
			);
			runOnlyForDeploymentPostprocessing = 0;
		};
/* End PBXFrameworksBuildPhase section */

/* Begin PBXGroup section */
		DCF6964F29EE821300BA4CD0 = {
			isa = PBXGroup;
			children = (
				DCF6965A29EE821300BA4CD0 /* assignment_12 */,
				DCF6967129EE821400BA4CD0 /* assignment_12Tests */,
				DCF6967B29EE821400BA4CD0 /* assignment_12UITests */,
				DCF6965929EE821300BA4CD0 /* Products */,
			);
			sourceTree = "<group>";
		};
		DCF6965929EE821300BA4CD0 /* Products */ = {
			isa = PBXGroup;
			children = (
				DCF6965829EE821300BA4CD0 /* assignment_12.app */,
				DCF6966E29EE821400BA4CD0 /* assignment_12Tests.xctest */,
				DCF6967829EE821400BA4CD0 /* assignment_12UITests.xctest */,
			);
			name = Products;
			sourceTree = "<group>";
		};
		DCF6965A29EE821300BA4CD0 /* assignment_12 */ = {
			isa = PBXGroup;
			children = (
				DCF6965B29EE821300BA4CD0 /* AppDelegate.swift */,
				DCF6965D29EE821300BA4CD0 /* SceneDelegate.swift */,
				DCF6965F29EE821300BA4CD0 /* ViewController.swift */,
				DCF6966129EE821300BA4CD0 /* Main.storyboard */,
				DCF6966429EE821400BA4CD0 /* Assets.xcassets */,
				DCF6966629EE821400BA4CD0 /* LaunchScreen.storyboard */,
				DCF6966929EE821400BA4CD0 /* Info.plist */,
			);
			path = assignment_12;
			sourceTree = "<group>";
		};
		DCF6967129EE821400BA4CD0 /* assignment_12Tests */ = {
			isa = PBXGroup;
			children = (
				DCF6967229EE821400BA4CD0 /* assignment_12Tests.swift */,
			);
			path = assignment_12Tests;
			sourceTree = "<group>";
		};
		DCF6967B29EE821400BA4CD0 /* assignment_12UITests */ = {
			isa = PBXGroup;
			children = (
				DCF6967C29EE821400BA4CD0 /* assignment_12UITests.swift */,
				DCF6967E29EE821400BA4CD0 /* assignment_12UITestsLaunchTests.swift */,
			);
			path = assignment_12UITests;
			sourceTree = "<group>";
		};
/* End PBXGroup section */

/* Begin PBXNativeTarget section */
		DCF6965729EE821300BA4CD0 /* assignment_12 */ = {
			isa = PBXNativeTarget;
			buildConfigurationList = DCF6968229EE821400BA4CD0 /* Build configuration list for PBXNativeTarget "assignment_12" */;
			buildPhases = (
				DCF6965429EE821300BA4CD0 /* Sources */,
				DCF6965529EE821300BA4CD0 /* Frameworks */,
				DCF6965629EE821300BA4CD0 /* Resources */,
			);
			buildRules = (
			);
			dependencies = (
			);
			name = assignment_12;
			productName = assignment_12;
			productReference = DCF6965829EE821300BA4CD0 /* assignment_12.app */;
			productType = "com.apple.product-type.application";
		};
		DCF6966D29EE821400BA4CD0 /* assignment_12Tests */ = {
			isa = PBXNativeTarget;
			buildConfigurationList = DCF6968529EE821400BA4CD0 /* Build configuration list for PBXNativeTarget "assignment_12Tests" */;
			buildPhases = (
				DCF6966A29EE821400BA4CD0 /* Sources */,
				DCF6966B29EE821400BA4CD0 /* Frameworks */,
				DCF6966C29EE821400BA4CD0 /* Resources */,
			);
			buildRules = (
			);
			dependencies = (
				DCF6967029EE821400BA4CD0 /* PBXTargetDependency */,
			);
			name = assignment_12Tests;
			productName = assignment_12Tests;
			productReference = DCF6966E29EE821400BA4CD0 /* assignment_12Tests.xctest */;
			productType = "com.apple.product-type.bundle.unit-test";
		};
		DCF6967729EE821400BA4CD0 /* assignment_12UITests */ = {
			isa = PBXNativeTarget;
			buildConfigurationList = DCF6968829EE821400BA4CD0 /* Build configuration list for PBXNativeTarget "assignment_12UITests" */;
			buildPhases = (
				DCF6967429EE821400BA4CD0 /* Sources */,
				DCF6967529EE821400BA4CD0 /* Frameworks */,
				DCF6967629EE821400BA4CD0 /* Resources */,
			);
			buildRules = (
			);
			dependencies = (
				DCF6967A29EE821400BA4CD0 /* PBXTargetDependency */,
			);
			name = assignment_12UITests;
			productName = assignment_12UITests;
			productReference = DCF6967829EE821400BA4CD0 /* assignment_12UITests.xctest */;
			productType = "com.apple.product-type.bundle.ui-testing";
		};
/* End PBXNativeTarget section */

/* Begin PBXProject section */
		DCF6965029EE821300BA4CD0 /* Project object */ = {
			isa = PBXProject;
			attributes = {
				BuildIndependentTargetsInParallel = 1;
				LastSwiftUpdateCheck = 1430;
				LastUpgradeCheck = 1430;
				TargetAttributes = {
					DCF6965729EE821300BA4CD0 = {
						CreatedOnToolsVersion = 14.3;
					};
					DCF6966D29EE821400BA4CD0 = {
						CreatedOnToolsVersion = 14.3;
						TestTargetID = DCF6965729EE821300BA4CD0;
					};
					DCF6967729EE821400BA4CD0 = {
						CreatedOnToolsVersion = 14.3;
						TestTargetID = DCF6965729EE821300BA4CD0;
					};
				};
			};
			buildConfigurationList = DCF6965329EE821300BA4CD0 /* Build configuration list for PBXProject "assignment_12" */;
			compatibilityVersion = "Xcode 14.0";
			developmentRegion = en;
			hasScannedForEncodings = 0;
			knownRegions = (
				en,
				Base,
			);
			mainGroup = DCF6964F29EE821300BA4CD0;
			productRefGroup = DCF6965929EE821300BA4CD0 /* Products */;
			projectDirPath = "";
			projectRoot = "";
			targets = (
				DCF6965729EE821300BA4CD0 /* assignment_12 */,
				DCF6966D29EE821400BA4CD0 /* assignment_12Tests */,
				DCF6967729EE821400BA4CD0 /* assignment_12UITests */,
			);
		};
/* End PBXProject section */

/* Begin PBXResourcesBuildPhase section */
		DCF6965629EE821300BA4CD0 /* Resources */ = {
			isa = PBXResourcesBuildPhase;
			buildActionMask = 2147483647;
			files = (
				DCF6966829EE821400BA4CD0 /* LaunchScreen.storyboard in Resources */,
				DCF6966529EE821400BA4CD0 /* Assets.xcassets in Resources */,
				DCF6966329EE821300BA4CD0 /* Main.storyboard in Resources */,
			);
			runOnlyForDeploymentPostprocessing = 0;
		};
		DCF6966C29EE821400BA4CD0 /* Resources */ = {
			isa = PBXResourcesBuildPhase;
			buildActionMask = 2147483647;
			files = (
			);
			runOnlyForDeploymentPostprocessing = 0;
		};
		DCF6967629EE821400BA4CD0 /* Resources */ = {
			isa = PBXResourcesBuildPhase;
			buildActionMask = 2147483647;
			files = (
			);
			runOnlyForDeploymentPostprocessing = 0;
		};
/* End PBXResourcesBuildPhase section */

/* Begin PBXSourcesBuildPhase section */
		DCF6965429EE821300BA4CD0 /* Sources */ = {
			isa = PBXSourcesBuildPhase;
			buildActionMask = 2147483647;
			files = (
				DCF6966029EE821300BA4CD0 /* ViewController.swift in Sources */,
				DCF6965C29EE821300BA4CD0 /* AppDelegate.swift in Sources */,
				DCF6965E29EE821300BA4CD0 /* SceneDelegate.swift in Sources */,
			);
			runOnlyForDeploymentPostprocessing = 0;
		};
		DCF6966A29EE821400BA4CD0 /* Sources */ = {
			isa = PBXSourcesBuildPhase;
			buildActionMask = 2147483647;
			files = (
				DCF6967329EE821400BA4CD0 /* assignment_12Tests.swift in Sources */,
			);
			runOnlyForDeploymentPostprocessing = 0;
		};
		DCF6967429EE821400BA4CD0 /* Sources */ = {
			isa = PBXSourcesBuildPhase;
			buildActionMask = 2147483647;
			files = (
				DCF6967F29EE821400BA4CD0 /* assignment_12UITestsLaunchTests.swift in Sources */,
				DCF6967D29EE821400BA4CD0 /* assignment_12UITests.swift in Sources */,
			);
			runOnlyForDeploymentPostprocessing = 0;
		};
/* End PBXSourcesBuildPhase section */

/* Begin PBXTargetDependency section */
		DCF6967029EE821400BA4CD0 /* PBXTargetDependency */ = {
			isa = PBXTargetDependency;
			target = DCF6965729EE821300BA4CD0 /* assignment_12 */;
			targetProxy = DCF6966F29EE821400BA4CD0 /* PBXContainerItemProxy */;
		};
		DCF6967A29EE821400BA4CD0 /* PBXTargetDependency */ = {
			isa = PBXTargetDependency;
			target = DCF6965729EE821300BA4CD0 /* assignment_12 */;
			targetProxy = DCF6967929EE821400BA4CD0 /* PBXContainerItemProxy */;
		};
/* End PBXTargetDependency section */

/* Begin PBXVariantGroup section */
		DCF6966129EE821300BA4CD0 /* Main.storyboard */ = {
			isa = PBXVariantGroup;
			children = (
				DCF6966229EE821300BA4CD0 /* Base */,
			);
			name = Main.storyboard;
			sourceTree = "<group>";
		};
		DCF6966629EE821400BA4CD0 /* LaunchScreen.storyboard */ = {
			isa = PBXVariantGroup;
			children = (
				DCF6966729EE821400BA4CD0 /* Base */,
			);
			name = LaunchScreen.storyboard;
			sourceTree = "<group>";
		};
/* End PBXVariantGroup section */

/* Begin XCBuildConfiguration section */
		DCF6968029EE821400BA4CD0 /* Debug */ = {
			isa = XCBuildConfiguration;
			buildSettings = {
				ALWAYS_SEARCH_USER_PATHS = NO;
				CLANG_ANALYZER_NONNULL = YES;
				CLANG_ANALYZER_NUMBER_OBJECT_CONVERSION = YES_AGGRESSIVE;
				CLANG_CXX_LANGUAGE_STANDARD = "gnu++20";
				CLANG_ENABLE_MODULES = YES;
				CLANG_ENABLE_OBJC_ARC = YES;
				CLANG_ENABLE_OBJC_WEAK = YES;
				CLANG_WARN_BLOCK_CAPTURE_AUTORELEASING = YES;
				CLANG_WARN_BOOL_CONVERSION = YES;
				CLANG_WARN_COMMA = YES;
				CLANG_WARN_CONSTANT_CONVERSION = YES;
				CLANG_WARN_DEPRECATED_OBJC_IMPLEMENTATIONS = YES;
				CLANG_WARN_DIRECT_OBJC_ISA_USAGE = YES_ERROR;
				CLANG_WARN_DOCUMENTATION_COMMENTS = YES;
				CLANG_WARN_EMPTY_BODY = YES;
				CLANG_WARN_ENUM_CONVERSION = YES;
				CLANG_WARN_INFINITE_RECURSION = YES;
				CLANG_WARN_INT_CONVERSION = YES;
				CLANG_WARN_NON_LITERAL_NULL_CONVERSION = YES;
				CLANG_WARN_OBJC_IMPLICIT_RETAIN_SELF = YES;
				CLANG_WARN_OBJC_LITERAL_CONVERSION = YES;
				CLANG_WARN_OBJC_ROOT_CLASS = YES_ERROR;
				CLANG_WARN_QUOTED_INCLUDE_IN_FRAMEWORK_HEADER = YES;
				CLANG_WARN_RANGE_LOOP_ANALYSIS = YES;
				CLANG_WARN_STRICT_PROTOTYPES = YES;
				CLANG_WARN_SUSPICIOUS_MOVE = YES;
				CLANG_WARN_UNGUARDED_AVAILABILITY = YES_AGGRESSIVE;
				CLANG_WARN_UNREACHABLE_CODE = YES;
				CLANG_WARN__DUPLICATE_METHOD_MATCH = YES;
				COPY_PHASE_STRIP = NO;
				DEBUG_INFORMATION_FORMAT = dwarf;
				ENABLE_STRICT_OBJC_MSGSEND = YES;
				ENABLE_TESTABILITY = YES;
				GCC_C_LANGUAGE_STANDARD = gnu11;
				GCC_DYNAMIC_NO_PIC = NO;
				GCC_NO_COMMON_BLOCKS = YES;
				GCC_OPTIMIZATION_LEVEL = 0;
				GCC_PREPROCESSOR_DEFINITIONS = (
					"DEBUG=1",
					"$(inherited)",
				);
				GCC_WARN_64_TO_32_BIT_CONVERSION = YES;
				GCC_WARN_ABOUT_RETURN_TYPE = YES_ERROR;
				GCC_WARN_UNDECLARED_SELECTOR = YES;
				GCC_WARN_UNINITIALIZED_AUTOS = YES_AGGRESSIVE;
				GCC_WARN_UNUSED_FUNCTION = YES;
				GCC_WARN_UNUSED_VARIABLE = YES;
				IPHONEOS_DEPLOYMENT_TARGET = 16.4;
				MTL_ENABLE_DEBUG_INFO = INCLUDE_SOURCE;
				MTL_FAST_MATH = YES;
				ONLY_ACTIVE_ARCH = YES;
				SDKROOT = iphoneos;
				SWIFT_ACTIVE_COMPILATION_CONDITIONS = DEBUG;
				SWIFT_OPTIMIZATION_LEVEL = "-Onone";
			};
			name = Debug;
		};
		DCF6968129EE821400BA4CD0 /* Release */ = {
			isa = XCBuildConfiguration;
			buildSettings = {
				ALWAYS_SEARCH_USER_PATHS = NO;
				CLANG_ANALYZER_NONNULL = YES;
				CLANG_ANALYZER_NUMBER_OBJECT_CONVERSION = YES_AGGRESSIVE;
				CLANG_CXX_LANGUAGE_STANDARD = "gnu++20";
				CLANG_ENABLE_MODULES = YES;
				CLANG_ENABLE_OBJC_ARC = YES;
				CLANG_ENABLE_OBJC_WEAK = YES;
				CLANG_WARN_BLOCK_CAPTURE_AUTORELEASING = YES;
				CLANG_WARN_BOOL_CONVERSION = YES;
				CLANG_WARN_COMMA = YES;
				CLANG_WARN_CONSTANT_CONVERSION = YES;
				CLANG_WARN_DEPRECATED_OBJC_IMPLEMENTATIONS = YES;
				CLANG_WARN_DIRECT_OBJC_ISA_USAGE = YES_ERROR;
				CLANG_WARN_DOCUMENTATION_COMMENTS = YES;
				CLANG_WARN_EMPTY_BODY = YES;
				CLANG_WARN_ENUM_CONVERSION = YES;
				CLANG_WARN_INFINITE_RECURSION = YES;
				CLANG_WARN_INT_CONVERSION = YES;
				CLANG_WARN_NON_LITERAL_NULL_CONVERSION = YES;
				CLANG_WARN_OBJC_IMPLICIT_RETAIN_SELF = YES;
				CLANG_WARN_OBJC_LITERAL_CONVERSION = YES;
				CLANG_WARN_OBJC_ROOT_CLASS = YES_ERROR;
				CLANG_WARN_QUOTED_INCLUDE_IN_FRAMEWORK_HEADER = YES;
				CLANG_WARN_RANGE_LOOP_ANALYSIS = YES;
				CLANG_WARN_STRICT_PROTOTYPES = YES;
				CLANG_WARN_SUSPICIOUS_MOVE = YES;
				CLANG_WARN_UNGUARDED_AVAILABILITY = YES_AGGRESSIVE;
				CLANG_WARN_UNREACHABLE_CODE = YES;
				CLANG_WARN__DUPLICATE_METHOD_MATCH = YES;
				COPY_PHASE_STRIP = NO;
				DEBUG_INFORMATION_FORMAT = "dwarf-with-dsym";
				ENABLE_NS_ASSERTIONS = NO;
				ENABLE_STRICT_OBJC_MSGSEND = YES;
				GCC_C_LANGUAGE_STANDARD = gnu11;
				GCC_NO_COMMON_BLOCKS = YES;
				GCC_WARN_64_TO_32_BIT_CONVERSION = YES;
				GCC_WARN_ABOUT_RETURN_TYPE = YES_ERROR;
				GCC_WARN_UNDECLARED_SELECTOR = YES;
				GCC_WARN_UNINITIALIZED_AUTOS = YES_AGGRESSIVE;
				GCC_WARN_UNUSED_FUNCTION = YES;
				GCC_WARN_UNUSED_VARIABLE = YES;
				IPHONEOS_DEPLOYMENT_TARGET = 16.4;
				MTL_ENABLE_DEBUG_INFO = NO;
				MTL_FAST_MATH = YES;
				SDKROOT = iphoneos;
				SWIFT_COMPILATION_MODE = wholemodule;
				SWIFT_OPTIMIZATION_LEVEL = "-O";
				VALIDATE_PRODUCT = YES;
			};
			name = Release;
		};
		DCF6968329EE821400BA4CD0 /* Debug */ = {
			isa = XCBuildConfiguration;
			buildSettings = {
				ASSETCATALOG_COMPILER_APPICON_NAME = AppIcon;
				ASSETCATALOG_COMPILER_GLOBAL_ACCENT_COLOR_NAME = AccentColor;
				CODE_SIGN_STYLE = Automatic;
				CURRENT_PROJECT_VERSION = 1;
				GENERATE_INFOPLIST_FILE = YES;
				INFOPLIST_FILE = assignment_12/Info.plist;
				INFOPLIST_KEY_UIApplicationSupportsIndirectInputEvents = YES;
				INFOPLIST_KEY_UILaunchStoryboardName = LaunchScreen;
				INFOPLIST_KEY_UIMainStoryboardFile = Main;
				INFOPLIST_KEY_UISupportedInterfaceOrientations_iPad = "UIInterfaceOrientationPortrait UIInterfaceOrientationPortraitUpsideDown UIInterfaceOrientationLandscapeLeft UIInterfaceOrientationLandscapeRight";
				INFOPLIST_KEY_UISupportedInterfaceOrientations_iPhone = "UIInterfaceOrientationPortrait UIInterfaceOrientationLandscapeLeft UIInterfaceOrientationLandscapeRight";
				LD_RUNPATH_SEARCH_PATHS = (
					"$(inherited)",
					"@executable_path/Frameworks",
				);
				MARKETING_VERSION = 1.0;
				PRODUCT_BUNDLE_IDENTIFIER = "com.tp.assignment-12";
				PRODUCT_NAME = "$(TARGET_NAME)";
				SWIFT_EMIT_LOC_STRINGS = YES;
				SWIFT_VERSION = 5.0;
				TARGETED_DEVICE_FAMILY = "1,2";
			};
			name = Debug;
		};
		DCF6968429EE821400BA4CD0 /* Release */ = {
			isa = XCBuildConfiguration;
			buildSettings = {
				ASSETCATALOG_COMPILER_APPICON_NAME = AppIcon;
				ASSETCATALOG_COMPILER_GLOBAL_ACCENT_COLOR_NAME = AccentColor;
				CODE_SIGN_STYLE = Automatic;
				CURRENT_PROJECT_VERSION = 1;
				GENERATE_INFOPLIST_FILE = YES;
				INFOPLIST_FILE = assignment_12/Info.plist;
				INFOPLIST_KEY_UIApplicationSupportsIndirectInputEvents = YES;
				INFOPLIST_KEY_UILaunchStoryboardName = LaunchScreen;
				INFOPLIST_KEY_UIMainStoryboardFile = Main;
				INFOPLIST_KEY_UISupportedInterfaceOrientations_iPad = "UIInterfaceOrientationPortrait UIInterfaceOrientationPortraitUpsideDown UIInterfaceOrientationLandscapeLeft UIInterfaceOrientationLandscapeRight";
				INFOPLIST_KEY_UISupportedInterfaceOrientations_iPhone = "UIInterfaceOrientationPortrait UIInterfaceOrientationLandscapeLeft UIInterfaceOrientationLandscapeRight";
				LD_RUNPATH_SEARCH_PATHS = (
					"$(inherited)",
					"@executable_path/Frameworks",
				);
				MARKETING_VERSION = 1.0;
				PRODUCT_BUNDLE_IDENTIFIER = "com.tp.assignment-12";
				PRODUCT_NAME = "$(TARGET_NAME)";
				SWIFT_EMIT_LOC_STRINGS = YES;
				SWIFT_VERSION = 5.0;
				TARGETED_DEVICE_FAMILY = "1,2";
			};
			name = Release;
		};
		DCF6968629EE821400BA4CD0 /* Debug */ = {
			isa = XCBuildConfiguration;
			buildSettings = {
				ALWAYS_EMBED_SWIFT_STANDARD_LIBRARIES = YES;
				BUNDLE_LOADER = "$(TEST_HOST)";
				CODE_SIGN_STYLE = Automatic;
				CURRENT_PROJECT_VERSION = 1;
				GENERATE_INFOPLIST_FILE = YES;
				IPHONEOS_DEPLOYMENT_TARGET = 16.4;
				MARKETING_VERSION = 1.0;
				PRODUCT_BUNDLE_IDENTIFIER = "com.tp.assignment-12Tests";
				PRODUCT_NAME = "$(TARGET_NAME)";
				SWIFT_EMIT_LOC_STRINGS = NO;
				SWIFT_VERSION = 5.0;
				TARGETED_DEVICE_FAMILY = "1,2";
				TEST_HOST = "$(BUILT_PRODUCTS_DIR)/assignment_12.app/$(BUNDLE_EXECUTABLE_FOLDER_PATH)/assignment_12";
			};
			name = Debug;
		};
		DCF6968729EE821400BA4CD0 /* Release */ = {
			isa = XCBuildConfiguration;
			buildSettings = {
				ALWAYS_EMBED_SWIFT_STANDARD_LIBRARIES = YES;
				BUNDLE_LOADER = "$(TEST_HOST)";
				CODE_SIGN_STYLE = Automatic;
				CURRENT_PROJECT_VERSION = 1;
				GENERATE_INFOPLIST_FILE = YES;
				IPHONEOS_DEPLOYMENT_TARGET = 16.4;
				MARKETING_VERSION = 1.0;
				PRODUCT_BUNDLE_IDENTIFIER = "com.tp.assignment-12Tests";
				PRODUCT_NAME = "$(TARGET_NAME)";
				SWIFT_EMIT_LOC_STRINGS = NO;
				SWIFT_VERSION = 5.0;
				TARGETED_DEVICE_FAMILY = "1,2";
				TEST_HOST = "$(BUILT_PRODUCTS_DIR)/assignment_12.app/$(BUNDLE_EXECUTABLE_FOLDER_PATH)/assignment_12";
			};
			name = Release;
		};
		DCF6968929EE821400BA4CD0 /* Debug */ = {
			isa = XCBuildConfiguration;
			buildSettings = {
				ALWAYS_EMBED_SWIFT_STANDARD_LIBRARIES = YES;
				CODE_SIGN_STYLE = Automatic;
				CURRENT_PROJECT_VERSION = 1;
				GENERATE_INFOPLIST_FILE = YES;
				MARKETING_VERSION = 1.0;
				PRODUCT_BUNDLE_IDENTIFIER = "com.tp.assignment-12UITests";
				PRODUCT_NAME = "$(TARGET_NAME)";
				SWIFT_EMIT_LOC_STRINGS = NO;
				SWIFT_VERSION = 5.0;
				TARGETED_DEVICE_FAMILY = "1,2";
				TEST_TARGET_NAME = assignment_12;
			};
			name = Debug;
		};
		DCF6968A29EE821400BA4CD0 /* Release */ = {
			isa = XCBuildConfiguration;
			buildSettings = {
				ALWAYS_EMBED_SWIFT_STANDARD_LIBRARIES = YES;
				CODE_SIGN_STYLE = Automatic;
				CURRENT_PROJECT_VERSION = 1;
				GENERATE_INFOPLIST_FILE = YES;
				MARKETING_VERSION = 1.0;
				PRODUCT_BUNDLE_IDENTIFIER = "com.tp.assignment-12UITests";
				PRODUCT_NAME = "$(TARGET_NAME)";
				SWIFT_EMIT_LOC_STRINGS = NO;
				SWIFT_VERSION = 5.0;
				TARGETED_DEVICE_FAMILY = "1,2";
				TEST_TARGET_NAME = assignment_12;
			};
			name = Release;
		};
/* End XCBuildConfiguration section */

/* Begin XCConfigurationList section */
		DCF6965329EE821300BA4CD0 /* Build configuration list for PBXProject "assignment_12" */ = {
			isa = XCConfigurationList;
			buildConfigurations = (
				DCF6968029EE821400BA4CD0 /* Debug */,
				DCF6968129EE821400BA4CD0 /* Release */,
			);
			defaultConfigurationIsVisible = 0;
			defaultConfigurationName = Release;
		};
		DCF6968229EE821400BA4CD0 /* Build configuration list for PBXNativeTarget "assignment_12" */ = {
			isa = XCConfigurationList;
			buildConfigurations = (
				DCF6968329EE821400BA4CD0 /* Debug */,
				DCF6968429EE821400BA4CD0 /* Release */,
			);
			defaultConfigurationIsVisible = 0;
			defaultConfigurationName = Release;
		};
		DCF6968529EE821400BA4CD0 /* Build configuration list for PBXNativeTarget "assignment_12Tests" */ = {
			isa = XCConfigurationList;
			buildConfigurations = (
				DCF6968629EE821400BA4CD0 /* Debug */,
				DCF6968729EE821400BA4CD0 /* Release */,
			);
			defaultConfigurationIsVisible = 0;
			defaultConfigurationName = Release;
		};
		DCF6968829EE821400BA4CD0 /* Build configuration list for PBXNativeTarget "assignment_12UITests" */ = {
			isa = XCConfigurationList;
			buildConfigurations = (
				DCF6968929EE821400BA4CD0 /* Debug */,
				DCF6968A29EE821400BA4CD0 /* Release */,
			);
			defaultConfigurationIsVisible = 0;
			defaultConfigurationName = Release;
		};
/* End XCConfigurationList section */
	};
	rootObject = DCF6965029EE821300BA4CD0 /* Project object */;
}
