// !$*UTF8*$!
{
	archiveVersion = 1;
	classes = {
	};
	objectVersion = 56;
	objects = {

/* Begin PBXBuildFile section */
		DC8354E029F92927003D7840 /* AppDelegate.swift in Sources */ = {isa = PBXBuildFile; fileRef = DC8354DF29F92927003D7840 /* AppDelegate.swift */; };
		DC8354E229F92927003D7840 /* SceneDelegate.swift in Sources */ = {isa = PBXBuildFile; fileRef = DC8354E129F92927003D7840 /* SceneDelegate.swift */; };
		DC8354E429F92927003D7840 /* LoginViewController.swift in Sources */ = {isa = PBXBuildFile; fileRef = DC8354E329F92927003D7840 /* LoginViewController.swift */; };
		DC8354E729F92927003D7840 /* Main.storyboard in Resources */ = {isa = PBXBuildFile; fileRef = DC8354E529F92927003D7840 /* Main.storyboard */; };
		DC8354E929F92928003D7840 /* Assets.xcassets in Resources */ = {isa = PBXBuildFile; fileRef = DC8354E829F92928003D7840 /* Assets.xcassets */; };
		DC8354EC29F92928003D7840 /* LaunchScreen.storyboard in Resources */ = {isa = PBXBuildFile; fileRef = DC8354EA29F92928003D7840 /* LaunchScreen.storyboard */; };
		DC8354F729F92929003D7840 /* UIkit_to_SwiftUI_NavigationTests.swift in Sources */ = {isa = PBXBuildFile; fileRef = DC8354F629F92929003D7840 /* UIkit_to_SwiftUI_NavigationTests.swift */; };
		DC83550129F92929003D7840 /* UIkit_to_SwiftUI_NavigationUITests.swift in Sources */ = {isa = PBXBuildFile; fileRef = DC83550029F92929003D7840 /* UIkit_to_SwiftUI_NavigationUITests.swift */; };
		DC83550329F92929003D7840 /* UIkit_to_SwiftUI_NavigationUITestsLaunchTests.swift in Sources */ = {isa = PBXBuildFile; fileRef = DC83550229F92929003D7840 /* UIkit_to_SwiftUI_NavigationUITestsLaunchTests.swift */; };
		DC83551229F92ABC003D7840 /* LoginViewModel.swift in Sources */ = {isa = PBXBuildFile; fileRef = DC83551129F92ABC003D7840 /* LoginViewModel.swift */; };
		DC83551429F92B13003D7840 /* HomePageView.swift in Sources */ = {isa = PBXBuildFile; fileRef = DC83551329F92B13003D7840 /* HomePageView.swift */; };
		DC83551629F92EA7003D7840 /* AccountPageViewController.swift in Sources */ = {isa = PBXBuildFile; fileRef = DC83551529F92EA7003D7840 /* AccountPageViewController.swift */; };
		DC83551829F93BB3003D7840 /* NavigationController.swift in Sources */ = {isa = PBXBuildFile; fileRef = DC83551729F93BB3003D7840 /* NavigationController.swift */; };
/* End PBXBuildFile section */

/* Begin PBXContainerItemProxy section */
		DC8354F329F92929003D7840 /* PBXContainerItemProxy */ = {
			isa = PBXContainerItemProxy;
			containerPortal = DC8354D429F92927003D7840 /* Project object */;
			proxyType = 1;
			remoteGlobalIDString = DC8354DB29F92927003D7840;
			remoteInfo = UIkit_to_SwiftUI_Navigation;
		};
		DC8354FD29F92929003D7840 /* PBXContainerItemProxy */ = {
			isa = PBXContainerItemProxy;
			containerPortal = DC8354D429F92927003D7840 /* Project object */;
			proxyType = 1;
			remoteGlobalIDString = DC8354DB29F92927003D7840;
			remoteInfo = UIkit_to_SwiftUI_Navigation;
		};
/* End PBXContainerItemProxy section */

/* Begin PBXFileReference section */
		DC8354DC29F92927003D7840 /* UIkit_to_SwiftUI_Navigation.app */ = {isa = PBXFileReference; explicitFileType = wrapper.application; includeInIndex = 0; path = UIkit_to_SwiftUI_Navigation.app; sourceTree = BUILT_PRODUCTS_DIR; };
		DC8354DF29F92927003D7840 /* AppDelegate.swift */ = {isa = PBXFileReference; lastKnownFileType = sourcecode.swift; path = AppDelegate.swift; sourceTree = "<group>"; };
		DC8354E129F92927003D7840 /* SceneDelegate.swift */ = {isa = PBXFileReference; lastKnownFileType = sourcecode.swift; path = SceneDelegate.swift; sourceTree = "<group>"; };
		DC8354E329F92927003D7840 /* LoginViewController.swift */ = {isa = PBXFileReference; lastKnownFileType = sourcecode.swift; path = LoginViewController.swift; sourceTree = "<group>"; };
		DC8354E629F92927003D7840 /* Base */ = {isa = PBXFileReference; lastKnownFileType = file.storyboard; name = Base; path = Base.lproj/Main.storyboard; sourceTree = "<group>"; };
		DC8354E829F92928003D7840 /* Assets.xcassets */ = {isa = PBXFileReference; lastKnownFileType = folder.assetcatalog; path = Assets.xcassets; sourceTree = "<group>"; };
		DC8354EB29F92928003D7840 /* Base */ = {isa = PBXFileReference; lastKnownFileType = file.storyboard; name = Base; path = Base.lproj/LaunchScreen.storyboard; sourceTree = "<group>"; };
		DC8354ED29F92928003D7840 /* Info.plist */ = {isa = PBXFileReference; lastKnownFileType = text.plist.xml; path = Info.plist; sourceTree = "<group>"; };
		DC8354F229F92929003D7840 /* UIkit_to_SwiftUI_NavigationTests.xctest */ = {isa = PBXFileReference; explicitFileType = wrapper.cfbundle; includeInIndex = 0; path = UIkit_to_SwiftUI_NavigationTests.xctest; sourceTree = BUILT_PRODUCTS_DIR; };
		DC8354F629F92929003D7840 /* UIkit_to_SwiftUI_NavigationTests.swift */ = {isa = PBXFileReference; lastKnownFileType = sourcecode.swift; path = UIkit_to_SwiftUI_NavigationTests.swift; sourceTree = "<group>"; };
		DC8354FC29F92929003D7840 /* UIkit_to_SwiftUI_NavigationUITests.xctest */ = {isa = PBXFileReference; explicitFileType = wrapper.cfbundle; includeInIndex = 0; path = UIkit_to_SwiftUI_NavigationUITests.xctest; sourceTree = BUILT_PRODUCTS_DIR; };
		DC83550029F92929003D7840 /* UIkit_to_SwiftUI_NavigationUITests.swift */ = {isa = PBXFileReference; lastKnownFileType = sourcecode.swift; path = UIkit_to_SwiftUI_NavigationUITests.swift; sourceTree = "<group>"; };
		DC83550229F92929003D7840 /* UIkit_to_SwiftUI_NavigationUITestsLaunchTests.swift */ = {isa = PBXFileReference; lastKnownFileType = sourcecode.swift; path = UIkit_to_SwiftUI_NavigationUITestsLaunchTests.swift; sourceTree = "<group>"; };
		DC83551129F92ABC003D7840 /* LoginViewModel.swift */ = {isa = PBXFileReference; lastKnownFileType = sourcecode.swift; path = LoginViewModel.swift; sourceTree = "<group>"; };
		DC83551329F92B13003D7840 /* HomePageView.swift */ = {isa = PBXFileReference; lastKnownFileType = sourcecode.swift; path = HomePageView.swift; sourceTree = "<group>"; };
		DC83551529F92EA7003D7840 /* AccountPageViewController.swift */ = {isa = PBXFileReference; lastKnownFileType = sourcecode.swift; path = AccountPageViewController.swift; sourceTree = "<group>"; };
		DC83551729F93BB3003D7840 /* NavigationController.swift */ = {isa = PBXFileReference; lastKnownFileType = sourcecode.swift; path = NavigationController.swift; sourceTree = "<group>"; };
/* End PBXFileReference section */

/* Begin PBXFrameworksBuildPhase section */
		DC8354D929F92927003D7840 /* Frameworks */ = {
			isa = PBXFrameworksBuildPhase;
			buildActionMask = 2147483647;
			files = (
			);
			runOnlyForDeploymentPostprocessing = 0;
		};
		DC8354EF29F92929003D7840 /* Frameworks */ = {
			isa = PBXFrameworksBuildPhase;
			buildActionMask = 2147483647;
			files = (
			);
			runOnlyForDeploymentPostprocessing = 0;
		};
		DC8354F929F92929003D7840 /* Frameworks */ = {
			isa = PBXFrameworksBuildPhase;
			buildActionMask = 2147483647;
			files = (
			);
			runOnlyForDeploymentPostprocessing = 0;
		};
/* End PBXFrameworksBuildPhase section */

/* Begin PBXGroup section */
		DC8354D329F92927003D7840 = {
			isa = PBXGroup;
			children = (
				DC8354DE29F92927003D7840 /* UIkit_to_SwiftUI_Navigation */,
				DC8354F529F92929003D7840 /* UIkit_to_SwiftUI_NavigationTests */,
				DC8354FF29F92929003D7840 /* UIkit_to_SwiftUI_NavigationUITests */,
				DC8354DD29F92927003D7840 /* Products */,
			);
			sourceTree = "<group>";
		};
		DC8354DD29F92927003D7840 /* Products */ = {
			isa = PBXGroup;
			children = (
				DC8354DC29F92927003D7840 /* UIkit_to_SwiftUI_Navigation.app */,
				DC8354F229F92929003D7840 /* UIkit_to_SwiftUI_NavigationTests.xctest */,
				DC8354FC29F92929003D7840 /* UIkit_to_SwiftUI_NavigationUITests.xctest */,
			);
			name = Products;
			sourceTree = "<group>";
		};
		DC8354DE29F92927003D7840 /* UIkit_to_SwiftUI_Navigation */ = {
			isa = PBXGroup;
			children = (
				DC83550F29F92A68003D7840 /* Views */,
				DC83551029F92A93003D7840 /* ViewModel */,
				DC8354DF29F92927003D7840 /* AppDelegate.swift */,
				DC8354E129F92927003D7840 /* SceneDelegate.swift */,
				DC8354E529F92927003D7840 /* Main.storyboard */,
				DC8354E829F92928003D7840 /* Assets.xcassets */,
				DC8354EA29F92928003D7840 /* LaunchScreen.storyboard */,
				DC8354ED29F92928003D7840 /* Info.plist */,
			);
			path = UIkit_to_SwiftUI_Navigation;
			sourceTree = "<group>";
		};
		DC8354F529F92929003D7840 /* UIkit_to_SwiftUI_NavigationTests */ = {
			isa = PBXGroup;
			children = (
				DC8354F629F92929003D7840 /* UIkit_to_SwiftUI_NavigationTests.swift */,
			);
			path = UIkit_to_SwiftUI_NavigationTests;
			sourceTree = "<group>";
		};
		DC8354FF29F92929003D7840 /* UIkit_to_SwiftUI_NavigationUITests */ = {
			isa = PBXGroup;
			children = (
				DC83550029F92929003D7840 /* UIkit_to_SwiftUI_NavigationUITests.swift */,
				DC83550229F92929003D7840 /* UIkit_to_SwiftUI_NavigationUITestsLaunchTests.swift */,
			);
			path = UIkit_to_SwiftUI_NavigationUITests;
			sourceTree = "<group>";
		};
		DC83550F29F92A68003D7840 /* Views */ = {
			isa = PBXGroup;
			children = (
				DC8354E329F92927003D7840 /* LoginViewController.swift */,
				DC83551329F92B13003D7840 /* HomePageView.swift */,
				DC83551529F92EA7003D7840 /* AccountPageViewController.swift */,
				DC83551729F93BB3003D7840 /* NavigationController.swift */,
			);
			path = Views;
			sourceTree = "<group>";
		};
		DC83551029F92A93003D7840 /* ViewModel */ = {
			isa = PBXGroup;
			children = (
				DC83551129F92ABC003D7840 /* LoginViewModel.swift */,
			);
			path = ViewModel;
			sourceTree = "<group>";
		};
/* End PBXGroup section */

/* Begin PBXNativeTarget section */
		DC8354DB29F92927003D7840 /* UIkit_to_SwiftUI_Navigation */ = {
			isa = PBXNativeTarget;
			buildConfigurationList = DC83550629F92929003D7840 /* Build configuration list for PBXNativeTarget "UIkit_to_SwiftUI_Navigation" */;
			buildPhases = (
				DC8354D829F92927003D7840 /* Sources */,
				DC8354D929F92927003D7840 /* Frameworks */,
				DC8354DA29F92927003D7840 /* Resources */,
			);
			buildRules = (
			);
			dependencies = (
			);
			name = UIkit_to_SwiftUI_Navigation;
			productName = UIkit_to_SwiftUI_Navigation;
			productReference = DC8354DC29F92927003D7840 /* UIkit_to_SwiftUI_Navigation.app */;
			productType = "com.apple.product-type.application";
		};
		DC8354F129F92929003D7840 /* UIkit_to_SwiftUI_NavigationTests */ = {
			isa = PBXNativeTarget;
			buildConfigurationList = DC83550929F92929003D7840 /* Build configuration list for PBXNativeTarget "UIkit_to_SwiftUI_NavigationTests" */;
			buildPhases = (
				DC8354EE29F92929003D7840 /* Sources */,
				DC8354EF29F92929003D7840 /* Frameworks */,
				DC8354F029F92929003D7840 /* Resources */,
			);
			buildRules = (
			);
			dependencies = (
				DC8354F429F92929003D7840 /* PBXTargetDependency */,
			);
			name = UIkit_to_SwiftUI_NavigationTests;
			productName = UIkit_to_SwiftUI_NavigationTests;
			productReference = DC8354F229F92929003D7840 /* UIkit_to_SwiftUI_NavigationTests.xctest */;
			productType = "com.apple.product-type.bundle.unit-test";
		};
		DC8354FB29F92929003D7840 /* UIkit_to_SwiftUI_NavigationUITests */ = {
			isa = PBXNativeTarget;
			buildConfigurationList = DC83550C29F92929003D7840 /* Build configuration list for PBXNativeTarget "UIkit_to_SwiftUI_NavigationUITests" */;
			buildPhases = (
				DC8354F829F92929003D7840 /* Sources */,
				DC8354F929F92929003D7840 /* Frameworks */,
				DC8354FA29F92929003D7840 /* Resources */,
			);
			buildRules = (
			);
			dependencies = (
				DC8354FE29F92929003D7840 /* PBXTargetDependency */,
			);
			name = UIkit_to_SwiftUI_NavigationUITests;
			productName = UIkit_to_SwiftUI_NavigationUITests;
			productReference = DC8354FC29F92929003D7840 /* UIkit_to_SwiftUI_NavigationUITests.xctest */;
			productType = "com.apple.product-type.bundle.ui-testing";
		};
/* End PBXNativeTarget section */

/* Begin PBXProject section */
		DC8354D429F92927003D7840 /* Project object */ = {
			isa = PBXProject;
			attributes = {
				BuildIndependentTargetsInParallel = 1;
				LastSwiftUpdateCheck = 1430;
				LastUpgradeCheck = 1430;
				TargetAttributes = {
					DC8354DB29F92927003D7840 = {
						CreatedOnToolsVersion = 14.3;
					};
					DC8354F129F92929003D7840 = {
						CreatedOnToolsVersion = 14.3;
						TestTargetID = DC8354DB29F92927003D7840;
					};
					DC8354FB29F92929003D7840 = {
						CreatedOnToolsVersion = 14.3;
						TestTargetID = DC8354DB29F92927003D7840;
					};
				};
			};
			buildConfigurationList = DC8354D729F92927003D7840 /* Build configuration list for PBXProject "UIkit_to_SwiftUI_Navigation" */;
			compatibilityVersion = "Xcode 14.0";
			developmentRegion = en;
			hasScannedForEncodings = 0;
			knownRegions = (
				en,
				Base,
			);
			mainGroup = DC8354D329F92927003D7840;
			productRefGroup = DC8354DD29F92927003D7840 /* Products */;
			projectDirPath = "";
			projectRoot = "";
			targets = (
				DC8354DB29F92927003D7840 /* UIkit_to_SwiftUI_Navigation */,
				DC8354F129F92929003D7840 /* UIkit_to_SwiftUI_NavigationTests */,
				DC8354FB29F92929003D7840 /* UIkit_to_SwiftUI_NavigationUITests */,
			);
		};
/* End PBXProject section */

/* Begin PBXResourcesBuildPhase section */
		DC8354DA29F92927003D7840 /* Resources */ = {
			isa = PBXResourcesBuildPhase;
			buildActionMask = 2147483647;
			files = (
				DC8354EC29F92928003D7840 /* LaunchScreen.storyboard in Resources */,
				DC8354E929F92928003D7840 /* Assets.xcassets in Resources */,
				DC8354E729F92927003D7840 /* Main.storyboard in Resources */,
			);
			runOnlyForDeploymentPostprocessing = 0;
		};
		DC8354F029F92929003D7840 /* Resources */ = {
			isa = PBXResourcesBuildPhase;
			buildActionMask = 2147483647;
			files = (
			);
			runOnlyForDeploymentPostprocessing = 0;
		};
		DC8354FA29F92929003D7840 /* Resources */ = {
			isa = PBXResourcesBuildPhase;
			buildActionMask = 2147483647;
			files = (
			);
			runOnlyForDeploymentPostprocessing = 0;
		};
/* End PBXResourcesBuildPhase section */

/* Begin PBXSourcesBuildPhase section */
		DC8354D829F92927003D7840 /* Sources */ = {
			isa = PBXSourcesBuildPhase;
			buildActionMask = 2147483647;
			files = (
				DC83551229F92ABC003D7840 /* LoginViewModel.swift in Sources */,
				DC8354E429F92927003D7840 /* LoginViewController.swift in Sources */,
				DC8354E029F92927003D7840 /* AppDelegate.swift in Sources */,
				DC8354E229F92927003D7840 /* SceneDelegate.swift in Sources */,
				DC83551429F92B13003D7840 /* HomePageView.swift in Sources */,
				DC83551829F93BB3003D7840 /* NavigationController.swift in Sources */,
				DC83551629F92EA7003D7840 /* AccountPageViewController.swift in Sources */,
			);
			runOnlyForDeploymentPostprocessing = 0;
		};
		DC8354EE29F92929003D7840 /* Sources */ = {
			isa = PBXSourcesBuildPhase;
			buildActionMask = 2147483647;
			files = (
				DC8354F729F92929003D7840 /* UIkit_to_SwiftUI_NavigationTests.swift in Sources */,
			);
			runOnlyForDeploymentPostprocessing = 0;
		};
		DC8354F829F92929003D7840 /* Sources */ = {
			isa = PBXSourcesBuildPhase;
			buildActionMask = 2147483647;
			files = (
				DC83550329F92929003D7840 /* UIkit_to_SwiftUI_NavigationUITestsLaunchTests.swift in Sources */,
				DC83550129F92929003D7840 /* UIkit_to_SwiftUI_NavigationUITests.swift in Sources */,
			);
			runOnlyForDeploymentPostprocessing = 0;
		};
/* End PBXSourcesBuildPhase section */

/* Begin PBXTargetDependency section */
		DC8354F429F92929003D7840 /* PBXTargetDependency */ = {
			isa = PBXTargetDependency;
			target = DC8354DB29F92927003D7840 /* UIkit_to_SwiftUI_Navigation */;
			targetProxy = DC8354F329F92929003D7840 /* PBXContainerItemProxy */;
		};
		DC8354FE29F92929003D7840 /* PBXTargetDependency */ = {
			isa = PBXTargetDependency;
			target = DC8354DB29F92927003D7840 /* UIkit_to_SwiftUI_Navigation */;
			targetProxy = DC8354FD29F92929003D7840 /* PBXContainerItemProxy */;
		};
/* End PBXTargetDependency section */

/* Begin PBXVariantGroup section */
		DC8354E529F92927003D7840 /* Main.storyboard */ = {
			isa = PBXVariantGroup;
			children = (
				DC8354E629F92927003D7840 /* Base */,
			);
			name = Main.storyboard;
			sourceTree = "<group>";
		};
		DC8354EA29F92928003D7840 /* LaunchScreen.storyboard */ = {
			isa = PBXVariantGroup;
			children = (
				DC8354EB29F92928003D7840 /* Base */,
			);
			name = LaunchScreen.storyboard;
			sourceTree = "<group>";
		};
/* End PBXVariantGroup section */

/* Begin XCBuildConfiguration section */
		DC83550429F92929003D7840 /* Debug */ = {
			isa = XCBuildConfiguration;
			buildSettings = {
				ALWAYS_SEARCH_USER_PATHS = NO;
				CLANG_ANALYZER_NONNULL = YES;
				CLANG_ANALYZER_NUMBER_OBJECT_CONVERSION = YES_AGGRESSIVE;
				CLANG_CXX_LANGUAGE_STANDARD = "gnu++20";
				CLANG_ENABLE_MODULES = YES;
				CLANG_ENABLE_OBJC_ARC = YES;
				CLANG_ENABLE_OBJC_WEAK = YES;
				CLANG_WARN_BLOCK_CAPTURE_AUTORELEASING = YES;
				CLANG_WARN_BOOL_CONVERSION = YES;
				CLANG_WARN_COMMA = YES;
				CLANG_WARN_CONSTANT_CONVERSION = YES;
				CLANG_WARN_DEPRECATED_OBJC_IMPLEMENTATIONS = YES;
				CLANG_WARN_DIRECT_OBJC_ISA_USAGE = YES_ERROR;
				CLANG_WARN_DOCUMENTATION_COMMENTS = YES;
				CLANG_WARN_EMPTY_BODY = YES;
				CLANG_WARN_ENUM_CONVERSION = YES;
				CLANG_WARN_INFINITE_RECURSION = YES;
				CLANG_WARN_INT_CONVERSION = YES;
				CLANG_WARN_NON_LITERAL_NULL_CONVERSION = YES;
				CLANG_WARN_OBJC_IMPLICIT_RETAIN_SELF = YES;
				CLANG_WARN_OBJC_LITERAL_CONVERSION = YES;
				CLANG_WARN_OBJC_ROOT_CLASS = YES_ERROR;
				CLANG_WARN_QUOTED_INCLUDE_IN_FRAMEWORK_HEADER = YES;
				CLANG_WARN_RANGE_LOOP_ANALYSIS = YES;
				CLANG_WARN_STRICT_PROTOTYPES = YES;
				CLANG_WARN_SUSPICIOUS_MOVE = YES;
				CLANG_WARN_UNGUARDED_AVAILABILITY = YES_AGGRESSIVE;
				CLANG_WARN_UNREACHABLE_CODE = YES;
				CLANG_WARN__DUPLICATE_METHOD_MATCH = YES;
				COPY_PHASE_STRIP = NO;
				DEBUG_INFORMATION_FORMAT = dwarf;
				ENABLE_STRICT_OBJC_MSGSEND = YES;
				ENABLE_TESTABILITY = YES;
				GCC_C_LANGUAGE_STANDARD = gnu11;
				GCC_DYNAMIC_NO_PIC = NO;
				GCC_NO_COMMON_BLOCKS = YES;
				GCC_OPTIMIZATION_LEVEL = 0;
				GCC_PREPROCESSOR_DEFINITIONS = (
					"DEBUG=1",
					"$(inherited)",
				);
				GCC_WARN_64_TO_32_BIT_CONVERSION = YES;
				GCC_WARN_ABOUT_RETURN_TYPE = YES_ERROR;
				GCC_WARN_UNDECLARED_SELECTOR = YES;
				GCC_WARN_UNINITIALIZED_AUTOS = YES_AGGRESSIVE;
				GCC_WARN_UNUSED_FUNCTION = YES;
				GCC_WARN_UNUSED_VARIABLE = YES;
				IPHONEOS_DEPLOYMENT_TARGET = 16.4;
				MTL_ENABLE_DEBUG_INFO = INCLUDE_SOURCE;
				MTL_FAST_MATH = YES;
				ONLY_ACTIVE_ARCH = YES;
				SDKROOT = iphoneos;
				SWIFT_ACTIVE_COMPILATION_CONDITIONS = DEBUG;
				SWIFT_OPTIMIZATION_LEVEL = "-Onone";
			};
			name = Debug;
		};
		DC83550529F92929003D7840 /* Release */ = {
			isa = XCBuildConfiguration;
			buildSettings = {
				ALWAYS_SEARCH_USER_PATHS = NO;
				CLANG_ANALYZER_NONNULL = YES;
				CLANG_ANALYZER_NUMBER_OBJECT_CONVERSION = YES_AGGRESSIVE;
				CLANG_CXX_LANGUAGE_STANDARD = "gnu++20";
				CLANG_ENABLE_MODULES = YES;
				CLANG_ENABLE_OBJC_ARC = YES;
				CLANG_ENABLE_OBJC_WEAK = YES;
				CLANG_WARN_BLOCK_CAPTURE_AUTORELEASING = YES;
				CLANG_WARN_BOOL_CONVERSION = YES;
				CLANG_WARN_COMMA = YES;
				CLANG_WARN_CONSTANT_CONVERSION = YES;
				CLANG_WARN_DEPRECATED_OBJC_IMPLEMENTATIONS = YES;
				CLANG_WARN_DIRECT_OBJC_ISA_USAGE = YES_ERROR;
				CLANG_WARN_DOCUMENTATION_COMMENTS = YES;
				CLANG_WARN_EMPTY_BODY = YES;
				CLANG_WARN_ENUM_CONVERSION = YES;
				CLANG_WARN_INFINITE_RECURSION = YES;
				CLANG_WARN_INT_CONVERSION = YES;
				CLANG_WARN_NON_LITERAL_NULL_CONVERSION = YES;
				CLANG_WARN_OBJC_IMPLICIT_RETAIN_SELF = YES;
				CLANG_WARN_OBJC_LITERAL_CONVERSION = YES;
				CLANG_WARN_OBJC_ROOT_CLASS = YES_ERROR;
				CLANG_WARN_QUOTED_INCLUDE_IN_FRAMEWORK_HEADER = YES;
				CLANG_WARN_RANGE_LOOP_ANALYSIS = YES;
				CLANG_WARN_STRICT_PROTOTYPES = YES;
				CLANG_WARN_SUSPICIOUS_MOVE = YES;
				CLANG_WARN_UNGUARDED_AVAILABILITY = YES_AGGRESSIVE;
				CLANG_WARN_UNREACHABLE_CODE = YES;
				CLANG_WARN__DUPLICATE_METHOD_MATCH = YES;
				COPY_PHASE_STRIP = NO;
				DEBUG_INFORMATION_FORMAT = "dwarf-with-dsym";
				ENABLE_NS_ASSERTIONS = NO;
				ENABLE_STRICT_OBJC_MSGSEND = YES;
				GCC_C_LANGUAGE_STANDARD = gnu11;
				GCC_NO_COMMON_BLOCKS = YES;
				GCC_WARN_64_TO_32_BIT_CONVERSION = YES;
				GCC_WARN_ABOUT_RETURN_TYPE = YES_ERROR;
				GCC_WARN_UNDECLARED_SELECTOR = YES;
				GCC_WARN_UNINITIALIZED_AUTOS = YES_AGGRESSIVE;
				GCC_WARN_UNUSED_FUNCTION = YES;
				GCC_WARN_UNUSED_VARIABLE = YES;
				IPHONEOS_DEPLOYMENT_TARGET = 16.4;
				MTL_ENABLE_DEBUG_INFO = NO;
				MTL_FAST_MATH = YES;
				SDKROOT = iphoneos;
				SWIFT_COMPILATION_MODE = wholemodule;
				SWIFT_OPTIMIZATION_LEVEL = "-O";
				VALIDATE_PRODUCT = YES;
			};
			name = Release;
		};
		DC83550729F92929003D7840 /* Debug */ = {
			isa = XCBuildConfiguration;
			buildSettings = {
				ASSETCATALOG_COMPILER_APPICON_NAME = AppIcon;
				ASSETCATALOG_COMPILER_GLOBAL_ACCENT_COLOR_NAME = AccentColor;
				CODE_SIGN_STYLE = Automatic;
				CURRENT_PROJECT_VERSION = 1;
				GENERATE_INFOPLIST_FILE = YES;
				INFOPLIST_FILE = UIkit_to_SwiftUI_Navigation/Info.plist;
				INFOPLIST_KEY_UIApplicationSupportsIndirectInputEvents = YES;
				INFOPLIST_KEY_UILaunchStoryboardName = LaunchScreen;
				INFOPLIST_KEY_UIMainStoryboardFile = Main;
				INFOPLIST_KEY_UISupportedInterfaceOrientations_iPad = "UIInterfaceOrientationPortrait UIInterfaceOrientationPortraitUpsideDown UIInterfaceOrientationLandscapeLeft UIInterfaceOrientationLandscapeRight";
				INFOPLIST_KEY_UISupportedInterfaceOrientations_iPhone = "UIInterfaceOrientationPortrait UIInterfaceOrientationLandscapeLeft UIInterfaceOrientationLandscapeRight";
				LD_RUNPATH_SEARCH_PATHS = (
					"$(inherited)",
					"@executable_path/Frameworks",
				);
				MARKETING_VERSION = 1.0;
				PRODUCT_BUNDLE_IDENTIFIER = "com.tp.UIkit-to-SwiftUI-Navigation";
				PRODUCT_NAME = "$(TARGET_NAME)";
				SWIFT_EMIT_LOC_STRINGS = YES;
				SWIFT_VERSION = 5.0;
				TARGETED_DEVICE_FAMILY = "1,2";
			};
			name = Debug;
		};
		DC83550829F92929003D7840 /* Release */ = {
			isa = XCBuildConfiguration;
			buildSettings = {
				ASSETCATALOG_COMPILER_APPICON_NAME = AppIcon;
				ASSETCATALOG_COMPILER_GLOBAL_ACCENT_COLOR_NAME = AccentColor;
				CODE_SIGN_STYLE = Automatic;
				CURRENT_PROJECT_VERSION = 1;
				GENERATE_INFOPLIST_FILE = YES;
				INFOPLIST_FILE = UIkit_to_SwiftUI_Navigation/Info.plist;
				INFOPLIST_KEY_UIApplicationSupportsIndirectInputEvents = YES;
				INFOPLIST_KEY_UILaunchStoryboardName = LaunchScreen;
				INFOPLIST_KEY_UIMainStoryboardFile = Main;
				INFOPLIST_KEY_UISupportedInterfaceOrientations_iPad = "UIInterfaceOrientationPortrait UIInterfaceOrientationPortraitUpsideDown UIInterfaceOrientationLandscapeLeft UIInterfaceOrientationLandscapeRight";
				INFOPLIST_KEY_UISupportedInterfaceOrientations_iPhone = "UIInterfaceOrientationPortrait UIInterfaceOrientationLandscapeLeft UIInterfaceOrientationLandscapeRight";
				LD_RUNPATH_SEARCH_PATHS = (
					"$(inherited)",
					"@executable_path/Frameworks",
				);
				MARKETING_VERSION = 1.0;
				PRODUCT_BUNDLE_IDENTIFIER = "com.tp.UIkit-to-SwiftUI-Navigation";
				PRODUCT_NAME = "$(TARGET_NAME)";
				SWIFT_EMIT_LOC_STRINGS = YES;
				SWIFT_VERSION = 5.0;
				TARGETED_DEVICE_FAMILY = "1,2";
			};
			name = Release;
		};
		DC83550A29F92929003D7840 /* Debug */ = {
			isa = XCBuildConfiguration;
			buildSettings = {
				ALWAYS_EMBED_SWIFT_STANDARD_LIBRARIES = YES;
				BUNDLE_LOADER = "$(TEST_HOST)";
				CODE_SIGN_STYLE = Automatic;
				CURRENT_PROJECT_VERSION = 1;
				GENERATE_INFOPLIST_FILE = YES;
				IPHONEOS_DEPLOYMENT_TARGET = 16.4;
				MARKETING_VERSION = 1.0;
				PRODUCT_BUNDLE_IDENTIFIER = "com.tp.UIkit-to-SwiftUI-NavigationTests";
				PRODUCT_NAME = "$(TARGET_NAME)";
				SWIFT_EMIT_LOC_STRINGS = NO;
				SWIFT_VERSION = 5.0;
				TARGETED_DEVICE_FAMILY = "1,2";
				TEST_HOST = "$(BUILT_PRODUCTS_DIR)/UIkit_to_SwiftUI_Navigation.app/$(BUNDLE_EXECUTABLE_FOLDER_PATH)/UIkit_to_SwiftUI_Navigation";
			};
			name = Debug;
		};
		DC83550B29F92929003D7840 /* Release */ = {
			isa = XCBuildConfiguration;
			buildSettings = {
				ALWAYS_EMBED_SWIFT_STANDARD_LIBRARIES = YES;
				BUNDLE_LOADER = "$(TEST_HOST)";
				CODE_SIGN_STYLE = Automatic;
				CURRENT_PROJECT_VERSION = 1;
				GENERATE_INFOPLIST_FILE = YES;
				IPHONEOS_DEPLOYMENT_TARGET = 16.4;
				MARKETING_VERSION = 1.0;
				PRODUCT_BUNDLE_IDENTIFIER = "com.tp.UIkit-to-SwiftUI-NavigationTests";
				PRODUCT_NAME = "$(TARGET_NAME)";
				SWIFT_EMIT_LOC_STRINGS = NO;
				SWIFT_VERSION = 5.0;
				TARGETED_DEVICE_FAMILY = "1,2";
				TEST_HOST = "$(BUILT_PRODUCTS_DIR)/UIkit_to_SwiftUI_Navigation.app/$(BUNDLE_EXECUTABLE_FOLDER_PATH)/UIkit_to_SwiftUI_Navigation";
			};
			name = Release;
		};
		DC83550D29F92929003D7840 /* Debug */ = {
			isa = XCBuildConfiguration;
			buildSettings = {
				ALWAYS_EMBED_SWIFT_STANDARD_LIBRARIES = YES;
				CODE_SIGN_STYLE = Automatic;
				CURRENT_PROJECT_VERSION = 1;
				GENERATE_INFOPLIST_FILE = YES;
				MARKETING_VERSION = 1.0;
				PRODUCT_BUNDLE_IDENTIFIER = "com.tp.UIkit-to-SwiftUI-NavigationUITests";
				PRODUCT_NAME = "$(TARGET_NAME)";
				SWIFT_EMIT_LOC_STRINGS = NO;
				SWIFT_VERSION = 5.0;
				TARGETED_DEVICE_FAMILY = "1,2";
				TEST_TARGET_NAME = UIkit_to_SwiftUI_Navigation;
			};
			name = Debug;
		};
		DC83550E29F92929003D7840 /* Release */ = {
			isa = XCBuildConfiguration;
			buildSettings = {
				ALWAYS_EMBED_SWIFT_STANDARD_LIBRARIES = YES;
				CODE_SIGN_STYLE = Automatic;
				CURRENT_PROJECT_VERSION = 1;
				GENERATE_INFOPLIST_FILE = YES;
				MARKETING_VERSION = 1.0;
				PRODUCT_BUNDLE_IDENTIFIER = "com.tp.UIkit-to-SwiftUI-NavigationUITests";
				PRODUCT_NAME = "$(TARGET_NAME)";
				SWIFT_EMIT_LOC_STRINGS = NO;
				SWIFT_VERSION = 5.0;
				TARGETED_DEVICE_FAMILY = "1,2";
				TEST_TARGET_NAME = UIkit_to_SwiftUI_Navigation;
			};
			name = Release;
		};
/* End XCBuildConfiguration section */

/* Begin XCConfigurationList section */
		DC8354D729F92927003D7840 /* Build configuration list for PBXProject "UIkit_to_SwiftUI_Navigation" */ = {
			isa = XCConfigurationList;
			buildConfigurations = (
				DC83550429F92929003D7840 /* Debug */,
				DC83550529F92929003D7840 /* Release */,
			);
			defaultConfigurationIsVisible = 0;
			defaultConfigurationName = Release;
		};
		DC83550629F92929003D7840 /* Build configuration list for PBXNativeTarget "UIkit_to_SwiftUI_Navigation" */ = {
			isa = XCConfigurationList;
			buildConfigurations = (
				DC83550729F92929003D7840 /* Debug */,
				DC83550829F92929003D7840 /* Release */,
			);
			defaultConfigurationIsVisible = 0;
			defaultConfigurationName = Release;
		};
		DC83550929F92929003D7840 /* Build configuration list for PBXNativeTarget "UIkit_to_SwiftUI_NavigationTests" */ = {
			isa = XCConfigurationList;
			buildConfigurations = (
				DC83550A29F92929003D7840 /* Debug */,
				DC83550B29F92929003D7840 /* Release */,
			);
			defaultConfigurationIsVisible = 0;
			defaultConfigurationName = Release;
		};
		DC83550C29F92929003D7840 /* Build configuration list for PBXNativeTarget "UIkit_to_SwiftUI_NavigationUITests" */ = {
			isa = XCConfigurationList;
			buildConfigurations = (
				DC83550D29F92929003D7840 /* Debug */,
				DC83550E29F92929003D7840 /* Release */,
			);
			defaultConfigurationIsVisible = 0;
			defaultConfigurationName = Release;
		};
/* End XCConfigurationList section */
	};
	rootObject = DC8354D429F92927003D7840 /* Project object */;
}
