// !$*UTF8*$!
{
	archiveVersion = 1;
	classes = {
	};
	objectVersion = 56;
	objects = {

/* Begin PBXBuildFile section */
		DC8B06B92A03AA4500F984FF /* SingletonAndSubscriberApp.swift in Sources */ = {isa = PBXBuildFile; fileRef = DC8B06B82A03AA4500F984FF /* SingletonAndSubscriberApp.swift */; };
		DC8B06BB2A03AA4500F984FF /* LoginView.swift in Sources */ = {isa = PBXBuildFile; fileRef = DC8B06BA2A03AA4500F984FF /* LoginView.swift */; };
		DC8B06BD2A03AA4500F984FF /* Assets.xcassets in Resources */ = {isa = PBXBuildFile; fileRef = DC8B06BC2A03AA4500F984FF /* Assets.xcassets */; };
		DC8B06C02A03AA4500F984FF /* Preview Assets.xcassets in Resources */ = {isa = PBXBuildFile; fileRef = DC8B06BF2A03AA4500F984FF /* Preview Assets.xcassets */; };
		DC8B06CA2A03AA4600F984FF /* SingletonAndSubscriberTests.swift in Sources */ = {isa = PBXBuildFile; fileRef = DC8B06C92A03AA4600F984FF /* SingletonAndSubscriberTests.swift */; };
		DC8B06D42A03AA4600F984FF /* SingletonAndSubscriberUITests.swift in Sources */ = {isa = PBXBuildFile; fileRef = DC8B06D32A03AA4600F984FF /* SingletonAndSubscriberUITests.swift */; };
		DC8B06D62A03AA4600F984FF /* SingletonAndSubscriberUITestsLaunchTests.swift in Sources */ = {isa = PBXBuildFile; fileRef = DC8B06D52A03AA4600F984FF /* SingletonAndSubscriberUITestsLaunchTests.swift */; };
		DC8B06E32A03AF8100F984FF /* UserManager.swift in Sources */ = {isa = PBXBuildFile; fileRef = DC8B06E22A03AF8100F984FF /* UserManager.swift */; };
		DC8B06E62A03B3BD00F984FF /* HomePageView.swift in Sources */ = {isa = PBXBuildFile; fileRef = DC8B06E52A03B3BD00F984FF /* HomePageView.swift */; };
		DC8B06E82A03BF0C00F984FF /* VehicleFactory.swift in Sources */ = {isa = PBXBuildFile; fileRef = DC8B06E72A03BF0C00F984FF /* VehicleFactory.swift */; };
/* End PBXBuildFile section */

/* Begin PBXContainerItemProxy section */
		DC8B06C62A03AA4600F984FF /* PBXContainerItemProxy */ = {
			isa = PBXContainerItemProxy;
			containerPortal = DC8B06AD2A03AA4500F984FF /* Project object */;
			proxyType = 1;
			remoteGlobalIDString = DC8B06B42A03AA4500F984FF;
			remoteInfo = SingletonAndSubscriber;
		};
		DC8B06D02A03AA4600F984FF /* PBXContainerItemProxy */ = {
			isa = PBXContainerItemProxy;
			containerPortal = DC8B06AD2A03AA4500F984FF /* Project object */;
			proxyType = 1;
			remoteGlobalIDString = DC8B06B42A03AA4500F984FF;
			remoteInfo = SingletonAndSubscriber;
		};
/* End PBXContainerItemProxy section */

/* Begin PBXFileReference section */
		DC8B06B52A03AA4500F984FF /* SingletonAndSubscriber.app */ = {isa = PBXFileReference; explicitFileType = wrapper.application; includeInIndex = 0; path = SingletonAndSubscriber.app; sourceTree = BUILT_PRODUCTS_DIR; };
		DC8B06B82A03AA4500F984FF /* SingletonAndSubscriberApp.swift */ = {isa = PBXFileReference; lastKnownFileType = sourcecode.swift; path = SingletonAndSubscriberApp.swift; sourceTree = "<group>"; };
		DC8B06BA2A03AA4500F984FF /* LoginView.swift */ = {isa = PBXFileReference; lastKnownFileType = sourcecode.swift; path = LoginView.swift; sourceTree = "<group>"; };
		DC8B06BC2A03AA4500F984FF /* Assets.xcassets */ = {isa = PBXFileReference; lastKnownFileType = folder.assetcatalog; path = Assets.xcassets; sourceTree = "<group>"; };
		DC8B06BF2A03AA4500F984FF /* Preview Assets.xcassets */ = {isa = PBXFileReference; lastKnownFileType = folder.assetcatalog; path = "Preview Assets.xcassets"; sourceTree = "<group>"; };
		DC8B06C52A03AA4600F984FF /* SingletonAndSubscriberTests.xctest */ = {isa = PBXFileReference; explicitFileType = wrapper.cfbundle; includeInIndex = 0; path = SingletonAndSubscriberTests.xctest; sourceTree = BUILT_PRODUCTS_DIR; };
		DC8B06C92A03AA4600F984FF /* SingletonAndSubscriberTests.swift */ = {isa = PBXFileReference; lastKnownFileType = sourcecode.swift; path = SingletonAndSubscriberTests.swift; sourceTree = "<group>"; };
		DC8B06CF2A03AA4600F984FF /* SingletonAndSubscriberUITests.xctest */ = {isa = PBXFileReference; explicitFileType = wrapper.cfbundle; includeInIndex = 0; path = SingletonAndSubscriberUITests.xctest; sourceTree = BUILT_PRODUCTS_DIR; };
		DC8B06D32A03AA4600F984FF /* SingletonAndSubscriberUITests.swift */ = {isa = PBXFileReference; lastKnownFileType = sourcecode.swift; path = SingletonAndSubscriberUITests.swift; sourceTree = "<group>"; };
		DC8B06D52A03AA4600F984FF /* SingletonAndSubscriberUITestsLaunchTests.swift */ = {isa = PBXFileReference; lastKnownFileType = sourcecode.swift; path = SingletonAndSubscriberUITestsLaunchTests.swift; sourceTree = "<group>"; };
		DC8B06E22A03AF8100F984FF /* UserManager.swift */ = {isa = PBXFileReference; lastKnownFileType = sourcecode.swift; path = UserManager.swift; sourceTree = "<group>"; };
		DC8B06E52A03B3BD00F984FF /* HomePageView.swift */ = {isa = PBXFileReference; lastKnownFileType = sourcecode.swift; path = HomePageView.swift; sourceTree = "<group>"; };
		DC8B06E72A03BF0C00F984FF /* VehicleFactory.swift */ = {isa = PBXFileReference; lastKnownFileType = sourcecode.swift; path = VehicleFactory.swift; sourceTree = "<group>"; };
/* End PBXFileReference section */

/* Begin PBXFrameworksBuildPhase section */
		DC8B06B22A03AA4500F984FF /* Frameworks */ = {
			isa = PBXFrameworksBuildPhase;
			buildActionMask = 2147483647;
			files = (
			);
			runOnlyForDeploymentPostprocessing = 0;
		};
		DC8B06C22A03AA4600F984FF /* Frameworks */ = {
			isa = PBXFrameworksBuildPhase;
			buildActionMask = 2147483647;
			files = (
			);
			runOnlyForDeploymentPostprocessing = 0;
		};
		DC8B06CC2A03AA4600F984FF /* Frameworks */ = {
			isa = PBXFrameworksBuildPhase;
			buildActionMask = 2147483647;
			files = (
			);
			runOnlyForDeploymentPostprocessing = 0;
		};
/* End PBXFrameworksBuildPhase section */

/* Begin PBXGroup section */
		DC8B06AC2A03AA4500F984FF = {
			isa = PBXGroup;
			children = (
				DC8B06B72A03AA4500F984FF /* SingletonAndSubscriber */,
				DC8B06C82A03AA4600F984FF /* SingletonAndSubscriberTests */,
				DC8B06D22A03AA4600F984FF /* SingletonAndSubscriberUITests */,
				DC8B06B62A03AA4500F984FF /* Products */,
			);
			sourceTree = "<group>";
		};
		DC8B06B62A03AA4500F984FF /* Products */ = {
			isa = PBXGroup;
			children = (
				DC8B06B52A03AA4500F984FF /* SingletonAndSubscriber.app */,
				DC8B06C52A03AA4600F984FF /* SingletonAndSubscriberTests.xctest */,
				DC8B06CF2A03AA4600F984FF /* SingletonAndSubscriberUITests.xctest */,
			);
			name = Products;
			sourceTree = "<group>";
		};
		DC8B06B72A03AA4500F984FF /* SingletonAndSubscriber */ = {
			isa = PBXGroup;
			children = (
				DC8B06EA2A03CA3500F984FF /* Publisher */,
				DC8B06E42A03B2DC00F984FF /* Views */,
				DC8B06B82A03AA4500F984FF /* SingletonAndSubscriberApp.swift */,
				DC8B06E72A03BF0C00F984FF /* VehicleFactory.swift */,
				DC8B06BC2A03AA4500F984FF /* Assets.xcassets */,
				DC8B06E22A03AF8100F984FF /* UserManager.swift */,
				DC8B06BE2A03AA4500F984FF /* Preview Content */,
			);
			path = SingletonAndSubscriber;
			sourceTree = "<group>";
		};
		DC8B06BE2A03AA4500F984FF /* Preview Content */ = {
			isa = PBXGroup;
			children = (
				DC8B06BF2A03AA4500F984FF /* Preview Assets.xcassets */,
			);
			path = "Preview Content";
			sourceTree = "<group>";
		};
		DC8B06C82A03AA4600F984FF /* SingletonAndSubscriberTests */ = {
			isa = PBXGroup;
			children = (
				DC8B06C92A03AA4600F984FF /* SingletonAndSubscriberTests.swift */,
			);
			path = SingletonAndSubscriberTests;
			sourceTree = "<group>";
		};
		DC8B06D22A03AA4600F984FF /* SingletonAndSubscriberUITests */ = {
			isa = PBXGroup;
			children = (
				DC8B06D32A03AA4600F984FF /* SingletonAndSubscriberUITests.swift */,
				DC8B06D52A03AA4600F984FF /* SingletonAndSubscriberUITestsLaunchTests.swift */,
			);
			path = SingletonAndSubscriberUITests;
			sourceTree = "<group>";
		};
		DC8B06E42A03B2DC00F984FF /* Views */ = {
			isa = PBXGroup;
			children = (
				DC8B06BA2A03AA4500F984FF /* LoginView.swift */,
				DC8B06E52A03B3BD00F984FF /* HomePageView.swift */,
			);
			path = Views;
			sourceTree = "<group>";
		};
		DC8B06EA2A03CA3500F984FF /* Publisher */ = {
			isa = PBXGroup;
			children = (
			);
			path = Publisher;
			sourceTree = "<group>";
		};
/* End PBXGroup section */

/* Begin PBXNativeTarget section */
		DC8B06B42A03AA4500F984FF /* SingletonAndSubscriber */ = {
			isa = PBXNativeTarget;
			buildConfigurationList = DC8B06D92A03AA4600F984FF /* Build configuration list for PBXNativeTarget "SingletonAndSubscriber" */;
			buildPhases = (
				DC8B06B12A03AA4500F984FF /* Sources */,
				DC8B06B22A03AA4500F984FF /* Frameworks */,
				DC8B06B32A03AA4500F984FF /* Resources */,
			);
			buildRules = (
			);
			dependencies = (
			);
			name = SingletonAndSubscriber;
			productName = SingletonAndSubscriber;
			productReference = DC8B06B52A03AA4500F984FF /* SingletonAndSubscriber.app */;
			productType = "com.apple.product-type.application";
		};
		DC8B06C42A03AA4600F984FF /* SingletonAndSubscriberTests */ = {
			isa = PBXNativeTarget;
			buildConfigurationList = DC8B06DC2A03AA4600F984FF /* Build configuration list for PBXNativeTarget "SingletonAndSubscriberTests" */;
			buildPhases = (
				DC8B06C12A03AA4600F984FF /* Sources */,
				DC8B06C22A03AA4600F984FF /* Frameworks */,
				DC8B06C32A03AA4600F984FF /* Resources */,
			);
			buildRules = (
			);
			dependencies = (
				DC8B06C72A03AA4600F984FF /* PBXTargetDependency */,
			);
			name = SingletonAndSubscriberTests;
			productName = SingletonAndSubscriberTests;
			productReference = DC8B06C52A03AA4600F984FF /* SingletonAndSubscriberTests.xctest */;
			productType = "com.apple.product-type.bundle.unit-test";
		};
		DC8B06CE2A03AA4600F984FF /* SingletonAndSubscriberUITests */ = {
			isa = PBXNativeTarget;
			buildConfigurationList = DC8B06DF2A03AA4600F984FF /* Build configuration list for PBXNativeTarget "SingletonAndSubscriberUITests" */;
			buildPhases = (
				DC8B06CB2A03AA4600F984FF /* Sources */,
				DC8B06CC2A03AA4600F984FF /* Frameworks */,
				DC8B06CD2A03AA4600F984FF /* Resources */,
			);
			buildRules = (
			);
			dependencies = (
				DC8B06D12A03AA4600F984FF /* PBXTargetDependency */,
			);
			name = SingletonAndSubscriberUITests;
			productName = SingletonAndSubscriberUITests;
			productReference = DC8B06CF2A03AA4600F984FF /* SingletonAndSubscriberUITests.xctest */;
			productType = "com.apple.product-type.bundle.ui-testing";
		};
/* End PBXNativeTarget section */

/* Begin PBXProject section */
		DC8B06AD2A03AA4500F984FF /* Project object */ = {
			isa = PBXProject;
			attributes = {
				BuildIndependentTargetsInParallel = 1;
				LastSwiftUpdateCheck = 1430;
				LastUpgradeCheck = 1430;
				TargetAttributes = {
					DC8B06B42A03AA4500F984FF = {
						CreatedOnToolsVersion = 14.3;
					};
					DC8B06C42A03AA4600F984FF = {
						CreatedOnToolsVersion = 14.3;
						TestTargetID = DC8B06B42A03AA4500F984FF;
					};
					DC8B06CE2A03AA4600F984FF = {
						CreatedOnToolsVersion = 14.3;
						TestTargetID = DC8B06B42A03AA4500F984FF;
					};
				};
			};
			buildConfigurationList = DC8B06B02A03AA4500F984FF /* Build configuration list for PBXProject "SingletonAndSubscriber" */;
			compatibilityVersion = "Xcode 14.0";
			developmentRegion = en;
			hasScannedForEncodings = 0;
			knownRegions = (
				en,
				Base,
			);
			mainGroup = DC8B06AC2A03AA4500F984FF;
			productRefGroup = DC8B06B62A03AA4500F984FF /* Products */;
			projectDirPath = "";
			projectRoot = "";
			targets = (
				DC8B06B42A03AA4500F984FF /* SingletonAndSubscriber */,
				DC8B06C42A03AA4600F984FF /* SingletonAndSubscriberTests */,
				DC8B06CE2A03AA4600F984FF /* SingletonAndSubscriberUITests */,
			);
		};
/* End PBXProject section */

/* Begin PBXResourcesBuildPhase section */
		DC8B06B32A03AA4500F984FF /* Resources */ = {
			isa = PBXResourcesBuildPhase;
			buildActionMask = 2147483647;
			files = (
				DC8B06C02A03AA4500F984FF /* Preview Assets.xcassets in Resources */,
				DC8B06BD2A03AA4500F984FF /* Assets.xcassets in Resources */,
			);
			runOnlyForDeploymentPostprocessing = 0;
		};
		DC8B06C32A03AA4600F984FF /* Resources */ = {
			isa = PBXResourcesBuildPhase;
			buildActionMask = 2147483647;
			files = (
			);
			runOnlyForDeploymentPostprocessing = 0;
		};
		DC8B06CD2A03AA4600F984FF /* Resources */ = {
			isa = PBXResourcesBuildPhase;
			buildActionMask = 2147483647;
			files = (
			);
			runOnlyForDeploymentPostprocessing = 0;
		};
/* End PBXResourcesBuildPhase section */

/* Begin PBXSourcesBuildPhase section */
		DC8B06B12A03AA4500F984FF /* Sources */ = {
			isa = PBXSourcesBuildPhase;
			buildActionMask = 2147483647;
			files = (
				DC8B06E32A03AF8100F984FF /* UserManager.swift in Sources */,
				DC8B06BB2A03AA4500F984FF /* LoginView.swift in Sources */,
				DC8B06E62A03B3BD00F984FF /* HomePageView.swift in Sources */,
				DC8B06E82A03BF0C00F984FF /* VehicleFactory.swift in Sources */,
				DC8B06B92A03AA4500F984FF /* SingletonAndSubscriberApp.swift in Sources */,
			);
			runOnlyForDeploymentPostprocessing = 0;
		};
		DC8B06C12A03AA4600F984FF /* Sources */ = {
			isa = PBXSourcesBuildPhase;
			buildActionMask = 2147483647;
			files = (
				DC8B06CA2A03AA4600F984FF /* SingletonAndSubscriberTests.swift in Sources */,
			);
			runOnlyForDeploymentPostprocessing = 0;
		};
		DC8B06CB2A03AA4600F984FF /* Sources */ = {
			isa = PBXSourcesBuildPhase;
			buildActionMask = 2147483647;
			files = (
				DC8B06D62A03AA4600F984FF /* SingletonAndSubscriberUITestsLaunchTests.swift in Sources */,
				DC8B06D42A03AA4600F984FF /* SingletonAndSubscriberUITests.swift in Sources */,
			);
			runOnlyForDeploymentPostprocessing = 0;
		};
/* End PBXSourcesBuildPhase section */

/* Begin PBXTargetDependency section */
		DC8B06C72A03AA4600F984FF /* PBXTargetDependency */ = {
			isa = PBXTargetDependency;
			target = DC8B06B42A03AA4500F984FF /* SingletonAndSubscriber */;
			targetProxy = DC8B06C62A03AA4600F984FF /* PBXContainerItemProxy */;
		};
		DC8B06D12A03AA4600F984FF /* PBXTargetDependency */ = {
			isa = PBXTargetDependency;
			target = DC8B06B42A03AA4500F984FF /* SingletonAndSubscriber */;
			targetProxy = DC8B06D02A03AA4600F984FF /* PBXContainerItemProxy */;
		};
/* End PBXTargetDependency section */

/* Begin XCBuildConfiguration section */
		DC8B06D72A03AA4600F984FF /* Debug */ = {
			isa = XCBuildConfiguration;
			buildSettings = {
				ALWAYS_SEARCH_USER_PATHS = NO;
				CLANG_ANALYZER_NONNULL = YES;
				CLANG_ANALYZER_NUMBER_OBJECT_CONVERSION = YES_AGGRESSIVE;
				CLANG_CXX_LANGUAGE_STANDARD = "gnu++20";
				CLANG_ENABLE_MODULES = YES;
				CLANG_ENABLE_OBJC_ARC = YES;
				CLANG_ENABLE_OBJC_WEAK = YES;
				CLANG_WARN_BLOCK_CAPTURE_AUTORELEASING = YES;
				CLANG_WARN_BOOL_CONVERSION = YES;
				CLANG_WARN_COMMA = YES;
				CLANG_WARN_CONSTANT_CONVERSION = YES;
				CLANG_WARN_DEPRECATED_OBJC_IMPLEMENTATIONS = YES;
				CLANG_WARN_DIRECT_OBJC_ISA_USAGE = YES_ERROR;
				CLANG_WARN_DOCUMENTATION_COMMENTS = YES;
				CLANG_WARN_EMPTY_BODY = YES;
				CLANG_WARN_ENUM_CONVERSION = YES;
				CLANG_WARN_INFINITE_RECURSION = YES;
				CLANG_WARN_INT_CONVERSION = YES;
				CLANG_WARN_NON_LITERAL_NULL_CONVERSION = YES;
				CLANG_WARN_OBJC_IMPLICIT_RETAIN_SELF = YES;
				CLANG_WARN_OBJC_LITERAL_CONVERSION = YES;
				CLANG_WARN_OBJC_ROOT_CLASS = YES_ERROR;
				CLANG_WARN_QUOTED_INCLUDE_IN_FRAMEWORK_HEADER = YES;
				CLANG_WARN_RANGE_LOOP_ANALYSIS = YES;
				CLANG_WARN_STRICT_PROTOTYPES = YES;
				CLANG_WARN_SUSPICIOUS_MOVE = YES;
				CLANG_WARN_UNGUARDED_AVAILABILITY = YES_AGGRESSIVE;
				CLANG_WARN_UNREACHABLE_CODE = YES;
				CLANG_WARN__DUPLICATE_METHOD_MATCH = YES;
				COPY_PHASE_STRIP = NO;
				DEBUG_INFORMATION_FORMAT = dwarf;
				ENABLE_STRICT_OBJC_MSGSEND = YES;
				ENABLE_TESTABILITY = YES;
				GCC_C_LANGUAGE_STANDARD = gnu11;
				GCC_DYNAMIC_NO_PIC = NO;
				GCC_NO_COMMON_BLOCKS = YES;
				GCC_OPTIMIZATION_LEVEL = 0;
				GCC_PREPROCESSOR_DEFINITIONS = (
					"DEBUG=1",
					"$(inherited)",
				);
				GCC_WARN_64_TO_32_BIT_CONVERSION = YES;
				GCC_WARN_ABOUT_RETURN_TYPE = YES_ERROR;
				GCC_WARN_UNDECLARED_SELECTOR = YES;
				GCC_WARN_UNINITIALIZED_AUTOS = YES_AGGRESSIVE;
				GCC_WARN_UNUSED_FUNCTION = YES;
				GCC_WARN_UNUSED_VARIABLE = YES;
				IPHONEOS_DEPLOYMENT_TARGET = 16.4;
				MTL_ENABLE_DEBUG_INFO = INCLUDE_SOURCE;
				MTL_FAST_MATH = YES;
				ONLY_ACTIVE_ARCH = YES;
				SDKROOT = iphoneos;
				SWIFT_ACTIVE_COMPILATION_CONDITIONS = DEBUG;
				SWIFT_OPTIMIZATION_LEVEL = "-Onone";
			};
			name = Debug;
		};
		DC8B06D82A03AA4600F984FF /* Release */ = {
			isa = XCBuildConfiguration;
			buildSettings = {
				ALWAYS_SEARCH_USER_PATHS = NO;
				CLANG_ANALYZER_NONNULL = YES;
				CLANG_ANALYZER_NUMBER_OBJECT_CONVERSION = YES_AGGRESSIVE;
				CLANG_CXX_LANGUAGE_STANDARD = "gnu++20";
				CLANG_ENABLE_MODULES = YES;
				CLANG_ENABLE_OBJC_ARC = YES;
				CLANG_ENABLE_OBJC_WEAK = YES;
				CLANG_WARN_BLOCK_CAPTURE_AUTORELEASING = YES;
				CLANG_WARN_BOOL_CONVERSION = YES;
				CLANG_WARN_COMMA = YES;
				CLANG_WARN_CONSTANT_CONVERSION = YES;
				CLANG_WARN_DEPRECATED_OBJC_IMPLEMENTATIONS = YES;
				CLANG_WARN_DIRECT_OBJC_ISA_USAGE = YES_ERROR;
				CLANG_WARN_DOCUMENTATION_COMMENTS = YES;
				CLANG_WARN_EMPTY_BODY = YES;
				CLANG_WARN_ENUM_CONVERSION = YES;
				CLANG_WARN_INFINITE_RECURSION = YES;
				CLANG_WARN_INT_CONVERSION = YES;
				CLANG_WARN_NON_LITERAL_NULL_CONVERSION = YES;
				CLANG_WARN_OBJC_IMPLICIT_RETAIN_SELF = YES;
				CLANG_WARN_OBJC_LITERAL_CONVERSION = YES;
				CLANG_WARN_OBJC_ROOT_CLASS = YES_ERROR;
				CLANG_WARN_QUOTED_INCLUDE_IN_FRAMEWORK_HEADER = YES;
				CLANG_WARN_RANGE_LOOP_ANALYSIS = YES;
				CLANG_WARN_STRICT_PROTOTYPES = YES;
				CLANG_WARN_SUSPICIOUS_MOVE = YES;
				CLANG_WARN_UNGUARDED_AVAILABILITY = YES_AGGRESSIVE;
				CLANG_WARN_UNREACHABLE_CODE = YES;
				CLANG_WARN__DUPLICATE_METHOD_MATCH = YES;
				COPY_PHASE_STRIP = NO;
				DEBUG_INFORMATION_FORMAT = "dwarf-with-dsym";
				ENABLE_NS_ASSERTIONS = NO;
				ENABLE_STRICT_OBJC_MSGSEND = YES;
				GCC_C_LANGUAGE_STANDARD = gnu11;
				GCC_NO_COMMON_BLOCKS = YES;
				GCC_WARN_64_TO_32_BIT_CONVERSION = YES;
				GCC_WARN_ABOUT_RETURN_TYPE = YES_ERROR;
				GCC_WARN_UNDECLARED_SELECTOR = YES;
				GCC_WARN_UNINITIALIZED_AUTOS = YES_AGGRESSIVE;
				GCC_WARN_UNUSED_FUNCTION = YES;
				GCC_WARN_UNUSED_VARIABLE = YES;
				IPHONEOS_DEPLOYMENT_TARGET = 16.4;
				MTL_ENABLE_DEBUG_INFO = NO;
				MTL_FAST_MATH = YES;
				SDKROOT = iphoneos;
				SWIFT_COMPILATION_MODE = wholemodule;
				SWIFT_OPTIMIZATION_LEVEL = "-O";
				VALIDATE_PRODUCT = YES;
			};
			name = Release;
		};
		DC8B06DA2A03AA4600F984FF /* Debug */ = {
			isa = XCBuildConfiguration;
			buildSettings = {
				ASSETCATALOG_COMPILER_APPICON_NAME = AppIcon;
				ASSETCATALOG_COMPILER_GLOBAL_ACCENT_COLOR_NAME = AccentColor;
				CODE_SIGN_STYLE = Automatic;
				CURRENT_PROJECT_VERSION = 1;
				DEVELOPMENT_ASSET_PATHS = "\"SingletonAndSubscriber/Preview Content\"";
				ENABLE_PREVIEWS = YES;
				GENERATE_INFOPLIST_FILE = YES;
				INFOPLIST_KEY_UIApplicationSceneManifest_Generation = YES;
				INFOPLIST_KEY_UIApplicationSupportsIndirectInputEvents = YES;
				INFOPLIST_KEY_UILaunchScreen_Generation = YES;
				INFOPLIST_KEY_UISupportedInterfaceOrientations_iPad = "UIInterfaceOrientationPortrait UIInterfaceOrientationPortraitUpsideDown UIInterfaceOrientationLandscapeLeft UIInterfaceOrientationLandscapeRight";
				INFOPLIST_KEY_UISupportedInterfaceOrientations_iPhone = "UIInterfaceOrientationPortrait UIInterfaceOrientationLandscapeLeft UIInterfaceOrientationLandscapeRight";
				LD_RUNPATH_SEARCH_PATHS = (
					"$(inherited)",
					"@executable_path/Frameworks",
				);
				MARKETING_VERSION = 1.0;
				PRODUCT_BUNDLE_IDENTIFIER = com.tp.SingletonAndSubscriber;
				PRODUCT_NAME = "$(TARGET_NAME)";
				SWIFT_EMIT_LOC_STRINGS = YES;
				SWIFT_VERSION = 5.0;
				TARGETED_DEVICE_FAMILY = "1,2";
			};
			name = Debug;
		};
		DC8B06DB2A03AA4600F984FF /* Release */ = {
			isa = XCBuildConfiguration;
			buildSettings = {
				ASSETCATALOG_COMPILER_APPICON_NAME = AppIcon;
				ASSETCATALOG_COMPILER_GLOBAL_ACCENT_COLOR_NAME = AccentColor;
				CODE_SIGN_STYLE = Automatic;
				CURRENT_PROJECT_VERSION = 1;
				DEVELOPMENT_ASSET_PATHS = "\"SingletonAndSubscriber/Preview Content\"";
				ENABLE_PREVIEWS = YES;
				GENERATE_INFOPLIST_FILE = YES;
				INFOPLIST_KEY_UIApplicationSceneManifest_Generation = YES;
				INFOPLIST_KEY_UIApplicationSupportsIndirectInputEvents = YES;
				INFOPLIST_KEY_UILaunchScreen_Generation = YES;
				INFOPLIST_KEY_UISupportedInterfaceOrientations_iPad = "UIInterfaceOrientationPortrait UIInterfaceOrientationPortraitUpsideDown UIInterfaceOrientationLandscapeLeft UIInterfaceOrientationLandscapeRight";
				INFOPLIST_KEY_UISupportedInterfaceOrientations_iPhone = "UIInterfaceOrientationPortrait UIInterfaceOrientationLandscapeLeft UIInterfaceOrientationLandscapeRight";
				LD_RUNPATH_SEARCH_PATHS = (
					"$(inherited)",
					"@executable_path/Frameworks",
				);
				MARKETING_VERSION = 1.0;
				PRODUCT_BUNDLE_IDENTIFIER = com.tp.SingletonAndSubscriber;
				PRODUCT_NAME = "$(TARGET_NAME)";
				SWIFT_EMIT_LOC_STRINGS = YES;
				SWIFT_VERSION = 5.0;
				TARGETED_DEVICE_FAMILY = "1,2";
			};
			name = Release;
		};
		DC8B06DD2A03AA4600F984FF /* Debug */ = {
			isa = XCBuildConfiguration;
			buildSettings = {
				ALWAYS_EMBED_SWIFT_STANDARD_LIBRARIES = YES;
				BUNDLE_LOADER = "$(TEST_HOST)";
				CODE_SIGN_STYLE = Automatic;
				CURRENT_PROJECT_VERSION = 1;
				GENERATE_INFOPLIST_FILE = YES;
				IPHONEOS_DEPLOYMENT_TARGET = 16.4;
				MARKETING_VERSION = 1.0;
				PRODUCT_BUNDLE_IDENTIFIER = com.tp.SingletonAndSubscriberTests;
				PRODUCT_NAME = "$(TARGET_NAME)";
				SWIFT_EMIT_LOC_STRINGS = NO;
				SWIFT_VERSION = 5.0;
				TARGETED_DEVICE_FAMILY = "1,2";
				TEST_HOST = "$(BUILT_PRODUCTS_DIR)/SingletonAndSubscriber.app/$(BUNDLE_EXECUTABLE_FOLDER_PATH)/SingletonAndSubscriber";
			};
			name = Debug;
		};
		DC8B06DE2A03AA4600F984FF /* Release */ = {
			isa = XCBuildConfiguration;
			buildSettings = {
				ALWAYS_EMBED_SWIFT_STANDARD_LIBRARIES = YES;
				BUNDLE_LOADER = "$(TEST_HOST)";
				CODE_SIGN_STYLE = Automatic;
				CURRENT_PROJECT_VERSION = 1;
				GENERATE_INFOPLIST_FILE = YES;
				IPHONEOS_DEPLOYMENT_TARGET = 16.4;
				MARKETING_VERSION = 1.0;
				PRODUCT_BUNDLE_IDENTIFIER = com.tp.SingletonAndSubscriberTests;
				PRODUCT_NAME = "$(TARGET_NAME)";
				SWIFT_EMIT_LOC_STRINGS = NO;
				SWIFT_VERSION = 5.0;
				TARGETED_DEVICE_FAMILY = "1,2";
				TEST_HOST = "$(BUILT_PRODUCTS_DIR)/SingletonAndSubscriber.app/$(BUNDLE_EXECUTABLE_FOLDER_PATH)/SingletonAndSubscriber";
			};
			name = Release;
		};
		DC8B06E02A03AA4600F984FF /* Debug */ = {
			isa = XCBuildConfiguration;
			buildSettings = {
				ALWAYS_EMBED_SWIFT_STANDARD_LIBRARIES = YES;
				CODE_SIGN_STYLE = Automatic;
				CURRENT_PROJECT_VERSION = 1;
				GENERATE_INFOPLIST_FILE = YES;
				MARKETING_VERSION = 1.0;
				PRODUCT_BUNDLE_IDENTIFIER = com.tp.SingletonAndSubscriberUITests;
				PRODUCT_NAME = "$(TARGET_NAME)";
				SWIFT_EMIT_LOC_STRINGS = NO;
				SWIFT_VERSION = 5.0;
				TARGETED_DEVICE_FAMILY = "1,2";
				TEST_TARGET_NAME = SingletonAndSubscriber;
			};
			name = Debug;
		};
		DC8B06E12A03AA4600F984FF /* Release */ = {
			isa = XCBuildConfiguration;
			buildSettings = {
				ALWAYS_EMBED_SWIFT_STANDARD_LIBRARIES = YES;
				CODE_SIGN_STYLE = Automatic;
				CURRENT_PROJECT_VERSION = 1;
				GENERATE_INFOPLIST_FILE = YES;
				MARKETING_VERSION = 1.0;
				PRODUCT_BUNDLE_IDENTIFIER = com.tp.SingletonAndSubscriberUITests;
				PRODUCT_NAME = "$(TARGET_NAME)";
				SWIFT_EMIT_LOC_STRINGS = NO;
				SWIFT_VERSION = 5.0;
				TARGETED_DEVICE_FAMILY = "1,2";
				TEST_TARGET_NAME = SingletonAndSubscriber;
			};
			name = Release;
		};
/* End XCBuildConfiguration section */

/* Begin XCConfigurationList section */
		DC8B06B02A03AA4500F984FF /* Build configuration list for PBXProject "SingletonAndSubscriber" */ = {
			isa = XCConfigurationList;
			buildConfigurations = (
				DC8B06D72A03AA4600F984FF /* Debug */,
				DC8B06D82A03AA4600F984FF /* Release */,
			);
			defaultConfigurationIsVisible = 0;
			defaultConfigurationName = Release;
		};
		DC8B06D92A03AA4600F984FF /* Build configuration list for PBXNativeTarget "SingletonAndSubscriber" */ = {
			isa = XCConfigurationList;
			buildConfigurations = (
				DC8B06DA2A03AA4600F984FF /* Debug */,
				DC8B06DB2A03AA4600F984FF /* Release */,
			);
			defaultConfigurationIsVisible = 0;
			defaultConfigurationName = Release;
		};
		DC8B06DC2A03AA4600F984FF /* Build configuration list for PBXNativeTarget "SingletonAndSubscriberTests" */ = {
			isa = XCConfigurationList;
			buildConfigurations = (
				DC8B06DD2A03AA4600F984FF /* Debug */,
				DC8B06DE2A03AA4600F984FF /* Release */,
			);
			defaultConfigurationIsVisible = 0;
			defaultConfigurationName = Release;
		};
		DC8B06DF2A03AA4600F984FF /* Build configuration list for PBXNativeTarget "SingletonAndSubscriberUITests" */ = {
			isa = XCConfigurationList;
			buildConfigurations = (
				DC8B06E02A03AA4600F984FF /* Debug */,
				DC8B06E12A03AA4600F984FF /* Release */,
			);
			defaultConfigurationIsVisible = 0;
			defaultConfigurationName = Release;
		};
/* End XCConfigurationList section */
	};
	rootObject = DC8B06AD2A03AA4500F984FF /* Project object */;
}
